// !$*UTF8*$!
{
	archiveVersion = 1;
	classes = {
	};
	objectVersion = 77;
	objects = {

/* Begin PBXBuildFile section */
		00FABF2AE5CF4FD8DA30C9BA /* WorkoutNavigationUITests.swift in Sources */ = {isa = PBXBuildFile; fileRef = 4D30A688EBE6C6F94238A46F /* WorkoutNavigationUITests.swift */; };
		060A29E84DB26DE7A33E5C90 /* SharedWorkoutInbox.swift in Sources */ = {isa = PBXBuildFile; fileRef = 292F5F0DC25338A47F2D7955 /* SharedWorkoutInbox.swift */; };
		0758094E92AF3C093BC50C77 /* StartingLoadSuggestion.swift in Sources */ = {isa = PBXBuildFile; fileRef = C801AC4F4A1B0E63D2EA19BB /* StartingLoadSuggestion.swift */; };
		09747FA754A85605CEEC3DBC /* WorkoutDataExport.swift in Sources */ = {isa = PBXBuildFile; fileRef = 19E40F42D59BBFCE92C90D06 /* WorkoutDataExport.swift */; };
		0A1F214CE6A0E876FEACDA6D /* LocalStoreTests.swift in Sources */ = {isa = PBXBuildFile; fileRef = 7CACAD1C9E7319CA847BB89E /* LocalStoreTests.swift */; };
		0B5044A5142A5CB996C70125 /* libsqlite3.tbd in Frameworks */ = {isa = PBXBuildFile; fileRef = 75C807F13B2045C25EE489D9 /* libsqlite3.tbd */; };
		0CA70AEAFF25F1D538D34C47 /* WorkoutSession.swift in Sources */ = {isa = PBXBuildFile; fileRef = A0E7389154D93EB86858EA6E /* WorkoutSession.swift */; };
		0D852235AF419BDA1704B243 /* WorkoutPlan.swift in Sources */ = {isa = PBXBuildFile; fileRef = 3821E6D72CCE6DA34533B154 /* WorkoutPlan.swift */; };
		0DCDC4F82E38BF95406FFA59 /* ValueTypes.swift in Sources */ = {isa = PBXBuildFile; fileRef = F585FFDC796B48D552344865 /* ValueTypes.swift */; };
		0E0007146EDC3480C053AE54 /* ImportSourcePersistenceTests.swift in Sources */ = {isa = PBXBuildFile; fileRef = 18E82171868373B2FFC0DC88 /* ImportSourcePersistenceTests.swift */; };
		152474D25E771F730919E866 /* FoundationTests.swift in Sources */ = {isa = PBXBuildFile; fileRef = ADFC7B6F252A70CEF1BCF3D3 /* FoundationTests.swift */; };
		16EA8A302E338B4D5C3B5E7D /* WorkoutDeletionTests.swift in Sources */ = {isa = PBXBuildFile; fileRef = CB3DB92597A7743FF29E0882 /* WorkoutDeletionTests.swift */; };
		1A2E9FEE57C6E1AA51249BDD /* TodayView.swift in Sources */ = {isa = PBXBuildFile; fileRef = F6865FED19B89FEDD31BBA11 /* TodayView.swift */; };
		1A4D3DDCA139D2E35950ACCF /* SetDetailsFields.swift in Sources */ = {isa = PBXBuildFile; fileRef = 460FBDA6665B1AE01A57F2F7 /* SetDetailsFields.swift */; };
		1B5D38552B264EE33A0088A8 /* OnboardingView.swift in Sources */ = {isa = PBXBuildFile; fileRef = 85BC725B158E836A52F41CA9 /* OnboardingView.swift */; };
		28D594A9CA2A30D84A1FC208 /* ActualSetDetailsUITests.swift in Sources */ = {isa = PBXBuildFile; fileRef = F3CEE78747C6DA1346BD86CC /* ActualSetDetailsUITests.swift */; };
		29A3FFD790BD9A1CA5885ED1 /* Assets.xcassets in Resources */ = {isa = PBXBuildFile; fileRef = 223612D09CB155273DB052C6 /* Assets.xcassets */; };
		2B895E2EE781863C853EAAFF /* AppTheme.swift in Sources */ = {isa = PBXBuildFile; fileRef = 78E5B3B002FF9F321EB31D78 /* AppTheme.swift */; };
		30B8CB033AB97124F313348E /* DomainValidation.swift in Sources */ = {isa = PBXBuildFile; fileRef = 1BD286CA1AA545BA4EA76675 /* DomainValidation.swift */; };
		30E043E4E6C1BDDF3B6BC1E1 /* WorkoutOverviewView.swift in Sources */ = {isa = PBXBuildFile; fileRef = 165C1D9E9205D7455208E3FF /* WorkoutOverviewView.swift */; };
		33EB539470CB1096636B7C1F /* AppearanceAccessibilityUITests.swift in Sources */ = {isa = PBXBuildFile; fileRef = 20794AF0115B7665031DCE42 /* AppearanceAccessibilityUITests.swift */; };
		34E14D97BA9CEA44DD8C589F /* SharedWorkoutInboxTests.swift in Sources */ = {isa = PBXBuildFile; fileRef = 1B5B31B4A1A5F0789BBCF1C4 /* SharedWorkoutInboxTests.swift */; };
		356CB7BD42A5F10B3711B502 /* PreviousPerformance.swift in Sources */ = {isa = PBXBuildFile; fileRef = 14582E8CDCFD0B31B1A0C556 /* PreviousPerformance.swift */; };
		3A053C39173F2C3288E70EAB /* WorkoutImportSchemaValidator.swift in Sources */ = {isa = PBXBuildFile; fileRef = F8C6D9F106BA15ACF59CBFC3 /* WorkoutImportSchemaValidator.swift */; };
		3B6D779E4C379E5300A3158B /* ExpandedWorkoutUITests.swift in Sources */ = {isa = PBXBuildFile; fileRef = 236C27787E95786C6FC40BEF /* ExpandedWorkoutUITests.swift */; };
		3C148A43C6389EC19B26E697 /* SQLiteSessionEventStore.swift in Sources */ = {isa = PBXBuildFile; fileRef = B0AE61FF74F45492C749E5EA /* SQLiteSessionEventStore.swift */; };
		3CC9E9902A08CEE77C28E8FE /* RootView.swift in Sources */ = {isa = PBXBuildFile; fileRef = 60E0A89F95E1580F5B7E5AF7 /* RootView.swift */; };
		3F0BE4A63CA15E82D880F145 /* ImportWorkoutView.swift in Sources */ = {isa = PBXBuildFile; fileRef = DB28DBF7C2718B178E406B6F /* ImportWorkoutView.swift */; };
		4027E0474A182EC7823E9B9A /* WorkoutExportActions.swift in Sources */ = {isa = PBXBuildFile; fileRef = 14E6D662D6282F5C6B6AFC44 /* WorkoutExportActions.swift */; };
		4057CD92B60E5D1A0DA38F6D /* ExerciseProgress.swift in Sources */ = {isa = PBXBuildFile; fileRef = 12D2768959CFE32B4CFA8442 /* ExerciseProgress.swift */; };
		408AD5793A8323E617D54286 /* ExerciseCatalog.swift in Sources */ = {isa = PBXBuildFile; fileRef = 29916C6BF0E8D0A40DC4B4F7 /* ExerciseCatalog.swift */; };
		40CC7BD7E34741472BF8B6B3 /* ManualWorkoutBuilderView.swift in Sources */ = {isa = PBXBuildFile; fileRef = 51AC65AA3DA03EB62ED8F31E /* ManualWorkoutBuilderView.swift */; };
		41BBDF0392750245EF0E1638 /* AscendFitUITests.swift in Sources */ = {isa = PBXBuildFile; fileRef = 8A99704CA506D59A1A38D03C /* AscendFitUITests.swift */; };
		421D06E305593F6A3963BD09 /* AppModel.swift in Sources */ = {isa = PBXBuildFile; fileRef = 1756DFBFE1BA0302A79CF41A /* AppModel.swift */; };
		428F096FFE3D29AA8E398297 /* ImportedExerciseEditor.swift in Sources */ = {isa = PBXBuildFile; fileRef = 69D16535C8C626AC23528EB0 /* ImportedExerciseEditor.swift */; };
		43A44C25B764071A7F03FB7D /* HistoryView.swift in Sources */ = {isa = PBXBuildFile; fileRef = F4595A21D9BC7B04AA04C2FE /* HistoryView.swift */; };
		43C89CB0D63F2270A51E5B69 /* DomainValidation.swift in Sources */ = {isa = PBXBuildFile; fileRef = 1BD286CA1AA545BA4EA76675 /* DomainValidation.swift */; };
		46C6DE29A61479FAABB0DF0F /* HistoryActivityStrip.swift in Sources */ = {isa = PBXBuildFile; fileRef = 7E20DEC1C468C655349A484A /* HistoryActivityStrip.swift */; };
		47C700BF3C052079E512D80E /* WorkoutSessionTests.swift in Sources */ = {isa = PBXBuildFile; fileRef = 2BC582AE44D43C1C8FACBA20 /* WorkoutSessionTests.swift */; };
		545F9336CAE2C477DA3807FD /* WorkoutTextInterpreter.swift in Sources */ = {isa = PBXBuildFile; fileRef = B861AD9F9B8A36F8F67682BA /* WorkoutTextInterpreter.swift */; };
		5AAB93FAE7601BD15184A9C1 /* SetDetailsFields.swift in Sources */ = {isa = PBXBuildFile; fileRef = 460FBDA6665B1AE01A57F2F7 /* SetDetailsFields.swift */; };
		5C5D960DA4745B4D1C4A833F /* WorkoutSummary.swift in Sources */ = {isa = PBXBuildFile; fileRef = 0CFD477345C41743E42070C3 /* WorkoutSummary.swift */; };
		5CBCD8BE3593C7272FD5FE10 /* TrainingProfileEditor.swift in Sources */ = {isa = PBXBuildFile; fileRef = 513588D02F350366F6429B08 /* TrainingProfileEditor.swift */; };
		610A8A00FE1F3F23417F3E1B /* ExerciseVolumeView.swift in Sources */ = {isa = PBXBuildFile; fileRef = 05AADB5CFD93A43D61D9EC87 /* ExerciseVolumeView.swift */; };
		624BA721A52BA25CE8027A9F /* ExerciseHistoryView.swift in Sources */ = {isa = PBXBuildFile; fileRef = 3736D5ED6BBF1A1576506240 /* ExerciseHistoryView.swift */; };
		626659719043C645FD07323F /* SessionClockRollbackTests.swift in Sources */ = {isa = PBXBuildFile; fileRef = 19543D5B236F3D79B0CFDEAA /* SessionClockRollbackTests.swift */; };
		63BF568B2EE7BE69CF961485 /* RestNotificationPermissionPolicy.swift in Sources */ = {isa = PBXBuildFile; fileRef = 4CE8F4F64258D56980D57A90 /* RestNotificationPermissionPolicy.swift */; };
		649CE8B5D25068B71ED7B59F /* RestNotificationPermissionPolicy.swift in Sources */ = {isa = PBXBuildFile; fileRef = 4CE8F4F64258D56980D57A90 /* RestNotificationPermissionPolicy.swift */; };
		68AC73C13D90782D5F230A14 /* WorkoutDomainTests.swift in Sources */ = {isa = PBXBuildFile; fileRef = 209580DDBBE552372E352BD7 /* WorkoutDomainTests.swift */; };
		690A948849F8702B04870A5C /* HistoryDataTests.swift in Sources */ = {isa = PBXBuildFile; fileRef = 6907726891B5061B501BA749 /* HistoryDataTests.swift */; };
		69CFE92BECDBF41BA3000975 /* WorkoutNavigationTests.swift in Sources */ = {isa = PBXBuildFile; fileRef = 849376F5C1B62CCA748C1B58 /* WorkoutNavigationTests.swift */; };
		6AD26B675A770007A0EB3BE7 /* WorkoutImportModels.swift in Sources */ = {isa = PBXBuildFile; fileRef = BB835213C6BC9ECC690D57FF /* WorkoutImportModels.swift */; };
		6D7C9BDC052512C3ED148C64 /* HistorySettingsUITests.swift in Sources */ = {isa = PBXBuildFile; fileRef = FE1A09797637C18E96D149F1 /* HistorySettingsUITests.swift */; };
		6FAB847425AC218C8785781B /* PreviousPerformance.swift in Sources */ = {isa = PBXBuildFile; fileRef = 14582E8CDCFD0B31B1A0C556 /* PreviousPerformance.swift */; };
		70EBF7F5DC9D7D681B4185E8 /* workout-plan-v1.schema.json in Resources */ = {isa = PBXBuildFile; fileRef = D02C29F4E51C6DF2B88A6B51 /* workout-plan-v1.schema.json */; };
		74DA620CB1C34DC3C05BCD9C /* AppAppearance.swift in Sources */ = {isa = PBXBuildFile; fileRef = 019949F8556067FF9D3AE25D /* AppAppearance.swift */; };
		7746386DEAF21C25FD3F8A78 /* WorkoutExportActions.swift in Sources */ = {isa = PBXBuildFile; fileRef = 14E6D662D6282F5C6B6AFC44 /* WorkoutExportActions.swift */; };
		779CF7F7E7F1058F339F2431 /* AscendFitShare.appex in Embed Foundation Extensions */ = {isa = PBXBuildFile; fileRef = 2111B53EFB90B544FB18B5F9 /* AscendFitShare.appex */; settings = {ATTRIBUTES = (RemoveHeadersOnCopy, ); }; };
		7950F7C71142BD49B1A61B0C /* WorkoutOverviewView.swift in Sources */ = {isa = PBXBuildFile; fileRef = 165C1D9E9205D7455208E3FF /* WorkoutOverviewView.swift */; };
		7956BCB40B0F013AA280A0BD /* WorkoutTextInterpreterTests.swift in Sources */ = {isa = PBXBuildFile; fileRef = 957C3ACB23B7C75AFB8882B7 /* WorkoutTextInterpreterTests.swift */; };
		7A904CB612E0E66ACD908D7E /* WorkoutImportTests.swift in Sources */ = {isa = PBXBuildFile; fileRef = 0136782CEB204681871EF99C /* WorkoutImportTests.swift */; };
		7DF229A392DD36F1291AD484 /* SharedWorkoutHandoffTests.swift in Sources */ = {isa = PBXBuildFile; fileRef = 7E39A97E96A54ED18B125613 /* SharedWorkoutHandoffTests.swift */; };
		7DFADCF4E1A550AEE2B658AF /* ImportedExerciseEditor.swift in Sources */ = {isa = PBXBuildFile; fileRef = 69D16535C8C626AC23528EB0 /* ImportedExerciseEditor.swift */; };
		8366A325710CCE5E32F218B9 /* SQLiteSessionEventStore.swift in Sources */ = {isa = PBXBuildFile; fileRef = B0AE61FF74F45492C749E5EA /* SQLiteSessionEventStore.swift */; };
		87526AB7482EA312E7A04335 /* ShareViewController.swift in Sources */ = {isa = PBXBuildFile; fileRef = E9EEC688346A12BA63D58B1C /* ShareViewController.swift */; };
		8A9E9C1B40D12C2D9CA9DF5B /* WorkoutImportFormatHelp.swift in Sources */ = {isa = PBXBuildFile; fileRef = 9FD62B17EBDD3792FA87925E /* WorkoutImportFormatHelp.swift */; };
		8AEF25F2B9263008FF2EBEDC /* SetTempoEditor.swift in Sources */ = {isa = PBXBuildFile; fileRef = 8B250A37DBE9E66E2C171CFA /* SetTempoEditor.swift */; };
		8BC97C83CA5A9EAD44FE6644 /* AppTheme.swift in Sources */ = {isa = PBXBuildFile; fileRef = 78E5B3B002FF9F321EB31D78 /* AppTheme.swift */; };
		8C5CBDC9E40623B0F3F8EFB6 /* HistoryActivityStrip.swift in Sources */ = {isa = PBXBuildFile; fileRef = 7E20DEC1C468C655349A484A /* HistoryActivityStrip.swift */; };
		8E3D3F7BB950C9060235EAE9 /* WorkoutSummary.swift in Sources */ = {isa = PBXBuildFile; fileRef = 0CFD477345C41743E42070C3 /* WorkoutSummary.swift */; };
		8F01E9163F03E46450118120 /* RestNotificationPermissionTests.swift in Sources */ = {isa = PBXBuildFile; fileRef = 981BAE0D6E6447851EBE2146 /* RestNotificationPermissionTests.swift */; };
		9230279BCD470EE7D60AFDCF /* TrainingProfileEditor.swift in Sources */ = {isa = PBXBuildFile; fileRef = 513588D02F350366F6429B08 /* TrainingProfileEditor.swift */; };
		940B2594506F4263FE0AB193 /* RootView.swift in Sources */ = {isa = PBXBuildFile; fileRef = 60E0A89F95E1580F5B7E5AF7 /* RootView.swift */; };
		951E4FE2FA5FD5485D33EDE3 /* ExerciseHistoryView.swift in Sources */ = {isa = PBXBuildFile; fileRef = 3736D5ED6BBF1A1576506240 /* ExerciseHistoryView.swift */; };
		9B68D8DFD2C0963390DEC41F /* HistoryActivity.swift in Sources */ = {isa = PBXBuildFile; fileRef = ACD85CABFF39A77547A53B9D /* HistoryActivity.swift */; };
		9CBA8B72C6AFBE5957EC159C /* WorkoutDataExport.swift in Sources */ = {isa = PBXBuildFile; fileRef = 19E40F42D59BBFCE92C90D06 /* WorkoutDataExport.swift */; };
		9D3AD2B5D3438F0DD0B79931 /* TodayView.swift in Sources */ = {isa = PBXBuildFile; fileRef = F6865FED19B89FEDD31BBA11 /* TodayView.swift */; };
		9DCA3080FABF4DDE57A56AB5 /* SharedWorkoutInbox.swift in Sources */ = {isa = PBXBuildFile; fileRef = 292F5F0DC25338A47F2D7955 /* SharedWorkoutInbox.swift */; };
		9EE7B4C2B231169085621B91 /* HistoryView.swift in Sources */ = {isa = PBXBuildFile; fileRef = F4595A21D9BC7B04AA04C2FE /* HistoryView.swift */; };
		9FC8DB5DC8F1995C2613FAED /* SharedWorkoutInbox.swift in Sources */ = {isa = PBXBuildFile; fileRef = 292F5F0DC25338A47F2D7955 /* SharedWorkoutInbox.swift */; };
		A2D1653E20EC54BECBAE2E6F /* WorkoutImportFormatHelp.swift in Sources */ = {isa = PBXBuildFile; fileRef = 9FD62B17EBDD3792FA87925E /* WorkoutImportFormatHelp.swift */; };
		A4E981C8C84E1D9779901936 /* WorkoutImportSchemaTests.swift in Sources */ = {isa = PBXBuildFile; fileRef = BFDF88009A2A777957D16D7B /* WorkoutImportSchemaTests.swift */; };
		A8E32136D31A0848E4118351 /* Assets.xcassets in Resources */ = {isa = PBXBuildFile; fileRef = 223612D09CB155273DB052C6 /* Assets.xcassets */; };
		A9799304FF37AE450A5A8B16 /* WorkoutImportStore.swift in Sources */ = {isa = PBXBuildFile; fileRef = 9F9E1F469E42FE774DC2F497 /* WorkoutImportStore.swift */; };
		AA2296B5E164FDAC9AEC371E /* PreviousPerformanceTests.swift in Sources */ = {isa = PBXBuildFile; fileRef = 98A279C1A323121BEEECB5D3 /* PreviousPerformanceTests.swift */; };
		AA5BAF26AE1FA1E62820A750 /* ExerciseVolumeView.swift in Sources */ = {isa = PBXBuildFile; fileRef = 05AADB5CFD93A43D61D9EC87 /* ExerciseVolumeView.swift */; };
		ADC038DB8A91BC096A58BA57 /* HistoryProgressUITests.swift in Sources */ = {isa = PBXBuildFile; fileRef = D5CF229BD537A3FD2935C5F8 /* HistoryProgressUITests.swift */; };
		AF7B05F5178B73011C108BDE /* WorkoutSession.swift in Sources */ = {isa = PBXBuildFile; fileRef = A0E7389154D93EB86858EA6E /* WorkoutSession.swift */; };
		B19A651BDBCBD0CEA1D83595 /* CHATGPT-WORKOUT-PROMPT.txt in Resources */ = {isa = PBXBuildFile; fileRef = 255C4FA195116F50420DDDE5 /* CHATGPT-WORKOUT-PROMPT.txt */; };
		B2190A8A0AF76D2B00D71216 /* ActualSetEntryTests.swift in Sources */ = {isa = PBXBuildFile; fileRef = 499864D8F54B8E84BF1A4B70 /* ActualSetEntryTests.swift */; };
		B3D52F8B2F30DCEEF8994DBF /* WorkoutTextInterpreter.swift in Sources */ = {isa = PBXBuildFile; fileRef = B861AD9F9B8A36F8F67682BA /* WorkoutTextInterpreter.swift */; };
		B427C36C87262279AF69D897 /* WorkoutImportStore.swift in Sources */ = {isa = PBXBuildFile; fileRef = 9F9E1F469E42FE774DC2F497 /* WorkoutImportStore.swift */; };
		B4F5E999B2F38336CE5FCB4A /* WorkoutPlan.swift in Sources */ = {isa = PBXBuildFile; fileRef = 3821E6D72CCE6DA34533B154 /* WorkoutPlan.swift */; };
		B62FBD7511B3F2E78490A820 /* HistoryActivity.swift in Sources */ = {isa = PBXBuildFile; fileRef = ACD85CABFF39A77547A53B9D /* HistoryActivity.swift */; };
		B7722E33610852A623720DF9 /* ValueTypes.swift in Sources */ = {isa = PBXBuildFile; fileRef = F585FFDC796B48D552344865 /* ValueTypes.swift */; };
		B79348341A37105A541BCE7D /* SessionEventStore.swift in Sources */ = {isa = PBXBuildFile; fileRef = 3625A173285621C5FE9B022C /* SessionEventStore.swift */; };
		B9CD2A47058B89F873562745 /* libsqlite3.tbd in Frameworks */ = {isa = PBXBuildFile; fileRef = 75C807F13B2045C25EE489D9 /* libsqlite3.tbd */; };
		BA9F5D9C54A98972E36A5889 /* ActiveWorkoutView.swift in Sources */ = {isa = PBXBuildFile; fileRef = 238F5B15A53D04E6EBB29766 /* ActiveWorkoutView.swift */; };
		BDF14848EEEA0B0C6F9EDA0D /* StartingLoadSuggestion.swift in Sources */ = {isa = PBXBuildFile; fileRef = C801AC4F4A1B0E63D2EA19BB /* StartingLoadSuggestion.swift */; };
		BE2FFF3FB48E32535026A895 /* AppModel.swift in Sources */ = {isa = PBXBuildFile; fileRef = 1756DFBFE1BA0302A79CF41A /* AppModel.swift */; };
		C1AC3538257A60BED35A3CF3 /* WorkoutImportModels.swift in Sources */ = {isa = PBXBuildFile; fileRef = BB835213C6BC9ECC690D57FF /* WorkoutImportModels.swift */; };
		C76DAD159DCCCAD6AFA49034 /* ExerciseCatalog.swift in Sources */ = {isa = PBXBuildFile; fileRef = 29916C6BF0E8D0A40DC4B4F7 /* ExerciseCatalog.swift */; };
		CB56D326E2F97086F5E21166 /* CHATGPT-WORKOUT-PROMPT.txt in Resources */ = {isa = PBXBuildFile; fileRef = 255C4FA195116F50420DDDE5 /* CHATGPT-WORKOUT-PROMPT.txt */; };
		CC10C030A2B993459F7B52CD /* ExerciseProgress.swift in Sources */ = {isa = PBXBuildFile; fileRef = 12D2768959CFE32B4CFA8442 /* ExerciseProgress.swift */; };
		CD9C7F0AD50350BB8D076FD1 /* OnboardingView.swift in Sources */ = {isa = PBXBuildFile; fileRef = 85BC725B158E836A52F41CA9 /* OnboardingView.swift */; };
		D445A0085A5F6A6FD7E5AB44 /* AppAppearance.swift in Sources */ = {isa = PBXBuildFile; fileRef = 019949F8556067FF9D3AE25D /* AppAppearance.swift */; };
		DD19ED8FF8C613E81379183B /* lower-a-review.workout.json in Resources */ = {isa = PBXBuildFile; fileRef = 629AD9389C2CE4BDDE67ADB6 /* lower-a-review.workout.json */; };
		DED1025290E067CF0C5ED9FA /* SessionEventStore.swift in Sources */ = {isa = PBXBuildFile; fileRef = 3625A173285621C5FE9B022C /* SessionEventStore.swift */; };
		E79CE5B984975880EAD868CA /* ManualWorkoutBuilderView.swift in Sources */ = {isa = PBXBuildFile; fileRef = 51AC65AA3DA03EB62ED8F31E /* ManualWorkoutBuilderView.swift */; };
		E7C6FD340268059B392BC9D1 /* SettingsView.swift in Sources */ = {isa = PBXBuildFile; fileRef = 4ED951E37C05702A102FFF37 /* SettingsView.swift */; };
		EB6E92554D689B7B926BAD0F /* WorkoutImportSchemaValidator.swift in Sources */ = {isa = PBXBuildFile; fileRef = F8C6D9F106BA15ACF59CBFC3 /* WorkoutImportSchemaValidator.swift */; };
		ECBAE793463DE6341DFB4F96 /* lower-a-ready.workout.json in Resources */ = {isa = PBXBuildFile; fileRef = 61082DC94DC5B6E62BE8117A /* lower-a-ready.workout.json */; };
		F1D1C48783A7766072A1C953 /* AscendFitApp.swift in Sources */ = {isa = PBXBuildFile; fileRef = 6EFA965575C22289379ABF4D /* AscendFitApp.swift */; };
		F5400D81FD7110F9C1C962AD /* workout-plan-v1.schema.json in Resources */ = {isa = PBXBuildFile; fileRef = D02C29F4E51C6DF2B88A6B51 /* workout-plan-v1.schema.json */; };
		F707A3C7A363938017FF8C33 /* ExecutionExpansionTests.swift in Sources */ = {isa = PBXBuildFile; fileRef = 11FF0909110B9B60102E09AE /* ExecutionExpansionTests.swift */; };
		F765F5956CD019B62217FE06 /* SettingsView.swift in Sources */ = {isa = PBXBuildFile; fileRef = 4ED951E37C05702A102FFF37 /* SettingsView.swift */; };
		FAD13504556614D6C204107B /* AscendFitApp.swift in Sources */ = {isa = PBXBuildFile; fileRef = 6EFA965575C22289379ABF4D /* AscendFitApp.swift */; };
		FADF12B739723897582EA1EC /* SetTempoEditor.swift in Sources */ = {isa = PBXBuildFile; fileRef = 8B250A37DBE9E66E2C171CFA /* SetTempoEditor.swift */; };
		FAE7B7E266CB3AD32ACE421A /* WorkoutImportUITests.swift in Sources */ = {isa = PBXBuildFile; fileRef = 595CA3EE580CFD75E91FA636 /* WorkoutImportUITests.swift */; };
		FD80B1E5226E3E4C59DA8E22 /* ImportWorkoutView.swift in Sources */ = {isa = PBXBuildFile; fileRef = DB28DBF7C2718B178E406B6F /* ImportWorkoutView.swift */; };
		FDC7EBFBCE39EC1A6D8119A6 /* ActiveWorkoutView.swift in Sources */ = {isa = PBXBuildFile; fileRef = 238F5B15A53D04E6EBB29766 /* ActiveWorkoutView.swift */; };
		FEDEA27F29CBAD42CFB30266 /* HistoryProgressTests.swift in Sources */ = {isa = PBXBuildFile; fileRef = 73ABF8B2465A352BB7A1749D /* HistoryProgressTests.swift */; };
/* End PBXBuildFile section */

/* Begin PBXContainerItemProxy section */
		15FB2AA8104EBB1AFD760E05 /* PBXContainerItemProxy */ = {
			isa = PBXContainerItemProxy;
			containerPortal = F911CC866DD4628C8BF5E05C /* Project object */;
			proxyType = 1;
			remoteGlobalIDString = 21D44AB31265433809B85DDD;
			remoteInfo = AscendFitShare;
		};
		4C26A53A9DF5BBB6F9DD3FEF /* PBXContainerItemProxy */ = {
			isa = PBXContainerItemProxy;
			containerPortal = F911CC866DD4628C8BF5E05C /* Project object */;
			proxyType = 1;
			remoteGlobalIDString = 8694A45450FDFE7041B02D85;
			remoteInfo = AscendFit;
		};
		4F161FD603DEDEED2F59D9A5 /* PBXContainerItemProxy */ = {
			isa = PBXContainerItemProxy;
			containerPortal = F911CC866DD4628C8BF5E05C /* Project object */;
			proxyType = 1;
			remoteGlobalIDString = 8694A45450FDFE7041B02D85;
			remoteInfo = AscendFit;
		};
/* End PBXContainerItemProxy section */

/* Begin PBXCopyFilesBuildPhase section */
		62F7699277124CBD0991584D /* Embed Foundation Extensions */ = {
			isa = PBXCopyFilesBuildPhase;
			buildActionMask = 2147483647;
			dstPath = "";
			dstSubfolderSpec = 13;
			files = (
				779CF7F7E7F1058F339F2431 /* AscendFitShare.appex in Embed Foundation Extensions */,
			);
			name = "Embed Foundation Extensions";
			runOnlyForDeploymentPostprocessing = 0;
		};
/* End PBXCopyFilesBuildPhase section */

/* Begin PBXFileReference section */
		0136782CEB204681871EF99C /* WorkoutImportTests.swift */ = {isa = PBXFileReference; lastKnownFileType = sourcecode.swift; path = WorkoutImportTests.swift; sourceTree = "<group>"; };
		019949F8556067FF9D3AE25D /* AppAppearance.swift */ = {isa = PBXFileReference; lastKnownFileType = sourcecode.swift; path = AppAppearance.swift; sourceTree = "<group>"; };
		05AADB5CFD93A43D61D9EC87 /* ExerciseVolumeView.swift */ = {isa = PBXFileReference; lastKnownFileType = sourcecode.swift; path = ExerciseVolumeView.swift; sourceTree = "<group>"; };
		08625C72CC88FC4CB409D8CC /* App.entitlements */ = {isa = PBXFileReference; lastKnownFileType = text.plist.entitlements; path = App.entitlements; sourceTree = "<group>"; };
		0CFD477345C41743E42070C3 /* WorkoutSummary.swift */ = {isa = PBXFileReference; lastKnownFileType = sourcecode.swift; path = WorkoutSummary.swift; sourceTree = "<group>"; };
		11FF0909110B9B60102E09AE /* ExecutionExpansionTests.swift */ = {isa = PBXFileReference; lastKnownFileType = sourcecode.swift; path = ExecutionExpansionTests.swift; sourceTree = "<group>"; };
		12D2768959CFE32B4CFA8442 /* ExerciseProgress.swift */ = {isa = PBXFileReference; lastKnownFileType = sourcecode.swift; path = ExerciseProgress.swift; sourceTree = "<group>"; };
		14582E8CDCFD0B31B1A0C556 /* PreviousPerformance.swift */ = {isa = PBXFileReference; lastKnownFileType = sourcecode.swift; path = PreviousPerformance.swift; sourceTree = "<group>"; };
		14E6D662D6282F5C6B6AFC44 /* WorkoutExportActions.swift */ = {isa = PBXFileReference; lastKnownFileType = sourcecode.swift; path = WorkoutExportActions.swift; sourceTree = "<group>"; };
		165C1D9E9205D7455208E3FF /* WorkoutOverviewView.swift */ = {isa = PBXFileReference; lastKnownFileType = sourcecode.swift; path = WorkoutOverviewView.swift; sourceTree = "<group>"; };
		1756DFBFE1BA0302A79CF41A /* AppModel.swift */ = {isa = PBXFileReference; lastKnownFileType = sourcecode.swift; path = AppModel.swift; sourceTree = "<group>"; };
		18E82171868373B2FFC0DC88 /* ImportSourcePersistenceTests.swift */ = {isa = PBXFileReference; lastKnownFileType = sourcecode.swift; path = ImportSourcePersistenceTests.swift; sourceTree = "<group>"; };
		19543D5B236F3D79B0CFDEAA /* SessionClockRollbackTests.swift */ = {isa = PBXFileReference; lastKnownFileType = sourcecode.swift; path = SessionClockRollbackTests.swift; sourceTree = "<group>"; };
		19E40F42D59BBFCE92C90D06 /* WorkoutDataExport.swift */ = {isa = PBXFileReference; lastKnownFileType = sourcecode.swift; path = WorkoutDataExport.swift; sourceTree = "<group>"; };
		1B5B31B4A1A5F0789BBCF1C4 /* SharedWorkoutInboxTests.swift */ = {isa = PBXFileReference; lastKnownFileType = sourcecode.swift; path = SharedWorkoutInboxTests.swift; sourceTree = "<group>"; };
		1BD286CA1AA545BA4EA76675 /* DomainValidation.swift */ = {isa = PBXFileReference; lastKnownFileType = sourcecode.swift; path = DomainValidation.swift; sourceTree = "<group>"; };
		20794AF0115B7665031DCE42 /* AppearanceAccessibilityUITests.swift */ = {isa = PBXFileReference; lastKnownFileType = sourcecode.swift; path = AppearanceAccessibilityUITests.swift; sourceTree = "<group>"; };
		209580DDBBE552372E352BD7 /* WorkoutDomainTests.swift */ = {isa = PBXFileReference; lastKnownFileType = sourcecode.swift; path = WorkoutDomainTests.swift; sourceTree = "<group>"; };
		2111B53EFB90B544FB18B5F9 /* AscendFitShare.appex */ = {isa = PBXFileReference; includeInIndex = 0; lastKnownFileType = "wrapper.app-extension"; path = AscendFitShare.appex; sourceTree = BUILT_PRODUCTS_DIR; };
		223612D09CB155273DB052C6 /* Assets.xcassets */ = {isa = PBXFileReference; lastKnownFileType = folder.assetcatalog; path = Assets.xcassets; sourceTree = "<group>"; };
		236C27787E95786C6FC40BEF /* ExpandedWorkoutUITests.swift */ = {isa = PBXFileReference; lastKnownFileType = sourcecode.swift; path = ExpandedWorkoutUITests.swift; sourceTree = "<group>"; };
		238F5B15A53D04E6EBB29766 /* ActiveWorkoutView.swift */ = {isa = PBXFileReference; lastKnownFileType = sourcecode.swift; path = ActiveWorkoutView.swift; sourceTree = "<group>"; };
		255C4FA195116F50420DDDE5 /* CHATGPT-WORKOUT-PROMPT.txt */ = {isa = PBXFileReference; lastKnownFileType = text; path = "CHATGPT-WORKOUT-PROMPT.txt"; sourceTree = "<group>"; };
		292F5F0DC25338A47F2D7955 /* SharedWorkoutInbox.swift */ = {isa = PBXFileReference; lastKnownFileType = sourcecode.swift; path = SharedWorkoutInbox.swift; sourceTree = "<group>"; };
		29916C6BF0E8D0A40DC4B4F7 /* ExerciseCatalog.swift */ = {isa = PBXFileReference; lastKnownFileType = sourcecode.swift; path = ExerciseCatalog.swift; sourceTree = "<group>"; };
		2A49F55235EBE5CCFEC03B07 /* AscendFitUITests.xctest */ = {isa = PBXFileReference; includeInIndex = 0; lastKnownFileType = wrapper.cfbundle; path = AscendFitUITests.xctest; sourceTree = BUILT_PRODUCTS_DIR; };
		2BC582AE44D43C1C8FACBA20 /* WorkoutSessionTests.swift */ = {isa = PBXFileReference; lastKnownFileType = sourcecode.swift; path = WorkoutSessionTests.swift; sourceTree = "<group>"; };
		3625A173285621C5FE9B022C /* SessionEventStore.swift */ = {isa = PBXFileReference; lastKnownFileType = sourcecode.swift; path = SessionEventStore.swift; sourceTree = "<group>"; };
		3736D5ED6BBF1A1576506240 /* ExerciseHistoryView.swift */ = {isa = PBXFileReference; lastKnownFileType = sourcecode.swift; path = ExerciseHistoryView.swift; sourceTree = "<group>"; };
		3821E6D72CCE6DA34533B154 /* WorkoutPlan.swift */ = {isa = PBXFileReference; lastKnownFileType = sourcecode.swift; path = WorkoutPlan.swift; sourceTree = "<group>"; };
		45A5A5D63CFFD8A66007A908 /* Share.entitlements */ = {isa = PBXFileReference; lastKnownFileType = text.plist.entitlements; path = Share.entitlements; sourceTree = "<group>"; };
		460FBDA6665B1AE01A57F2F7 /* SetDetailsFields.swift */ = {isa = PBXFileReference; lastKnownFileType = sourcecode.swift; path = SetDetailsFields.swift; sourceTree = "<group>"; };
		499864D8F54B8E84BF1A4B70 /* ActualSetEntryTests.swift */ = {isa = PBXFileReference; lastKnownFileType = sourcecode.swift; path = ActualSetEntryTests.swift; sourceTree = "<group>"; };
		4CE8F4F64258D56980D57A90 /* RestNotificationPermissionPolicy.swift */ = {isa = PBXFileReference; lastKnownFileType = sourcecode.swift; path = RestNotificationPermissionPolicy.swift; sourceTree = "<group>"; };
		4D30A688EBE6C6F94238A46F /* WorkoutNavigationUITests.swift */ = {isa = PBXFileReference; lastKnownFileType = sourcecode.swift; path = WorkoutNavigationUITests.swift; sourceTree = "<group>"; };
		4ED951E37C05702A102FFF37 /* SettingsView.swift */ = {isa = PBXFileReference; lastKnownFileType = sourcecode.swift; path = SettingsView.swift; sourceTree = "<group>"; };
		513588D02F350366F6429B08 /* TrainingProfileEditor.swift */ = {isa = PBXFileReference; lastKnownFileType = sourcecode.swift; path = TrainingProfileEditor.swift; sourceTree = "<group>"; };
		51AC65AA3DA03EB62ED8F31E /* ManualWorkoutBuilderView.swift */ = {isa = PBXFileReference; lastKnownFileType = sourcecode.swift; path = ManualWorkoutBuilderView.swift; sourceTree = "<group>"; };
		595CA3EE580CFD75E91FA636 /* WorkoutImportUITests.swift */ = {isa = PBXFileReference; lastKnownFileType = sourcecode.swift; path = WorkoutImportUITests.swift; sourceTree = "<group>"; };
		60E0A89F95E1580F5B7E5AF7 /* RootView.swift */ = {isa = PBXFileReference; lastKnownFileType = sourcecode.swift; path = RootView.swift; sourceTree = "<group>"; };
		61082DC94DC5B6E62BE8117A /* lower-a-ready.workout.json */ = {isa = PBXFileReference; lastKnownFileType = text.json; path = "lower-a-ready.workout.json"; sourceTree = "<group>"; };
		629AD9389C2CE4BDDE67ADB6 /* lower-a-review.workout.json */ = {isa = PBXFileReference; lastKnownFileType = text.json; path = "lower-a-review.workout.json"; sourceTree = "<group>"; };
		6907726891B5061B501BA749 /* HistoryDataTests.swift */ = {isa = PBXFileReference; lastKnownFileType = sourcecode.swift; path = HistoryDataTests.swift; sourceTree = "<group>"; };
		69D16535C8C626AC23528EB0 /* ImportedExerciseEditor.swift */ = {isa = PBXFileReference; lastKnownFileType = sourcecode.swift; path = ImportedExerciseEditor.swift; sourceTree = "<group>"; };
		6EFA965575C22289379ABF4D /* AscendFitApp.swift */ = {isa = PBXFileReference; lastKnownFileType = sourcecode.swift; path = AscendFitApp.swift; sourceTree = "<group>"; };
		73ABF8B2465A352BB7A1749D /* HistoryProgressTests.swift */ = {isa = PBXFileReference; lastKnownFileType = sourcecode.swift; path = HistoryProgressTests.swift; sourceTree = "<group>"; };
		75C807F13B2045C25EE489D9 /* libsqlite3.tbd */ = {isa = PBXFileReference; lastKnownFileType = "sourcecode.text-based-dylib-definition"; name = libsqlite3.tbd; path = usr/lib/libsqlite3.tbd; sourceTree = SDKROOT; };
		78E5B3B002FF9F321EB31D78 /* AppTheme.swift */ = {isa = PBXFileReference; lastKnownFileType = sourcecode.swift; path = AppTheme.swift; sourceTree = "<group>"; };
		7CACAD1C9E7319CA847BB89E /* LocalStoreTests.swift */ = {isa = PBXFileReference; lastKnownFileType = sourcecode.swift; path = LocalStoreTests.swift; sourceTree = "<group>"; };
		7E20DEC1C468C655349A484A /* HistoryActivityStrip.swift */ = {isa = PBXFileReference; lastKnownFileType = sourcecode.swift; path = HistoryActivityStrip.swift; sourceTree = "<group>"; };
		7E39A97E96A54ED18B125613 /* SharedWorkoutHandoffTests.swift */ = {isa = PBXFileReference; lastKnownFileType = sourcecode.swift; path = SharedWorkoutHandoffTests.swift; sourceTree = "<group>"; };
		849376F5C1B62CCA748C1B58 /* WorkoutNavigationTests.swift */ = {isa = PBXFileReference; lastKnownFileType = sourcecode.swift; path = WorkoutNavigationTests.swift; sourceTree = "<group>"; };
		85BC725B158E836A52F41CA9 /* OnboardingView.swift */ = {isa = PBXFileReference; lastKnownFileType = sourcecode.swift; path = OnboardingView.swift; sourceTree = "<group>"; };
		8A99704CA506D59A1A38D03C /* AscendFitUITests.swift */ = {isa = PBXFileReference; lastKnownFileType = sourcecode.swift; path = AscendFitUITests.swift; sourceTree = "<group>"; };
		8B250A37DBE9E66E2C171CFA /* SetTempoEditor.swift */ = {isa = PBXFileReference; lastKnownFileType = sourcecode.swift; path = SetTempoEditor.swift; sourceTree = "<group>"; };
		957C3ACB23B7C75AFB8882B7 /* WorkoutTextInterpreterTests.swift */ = {isa = PBXFileReference; lastKnownFileType = sourcecode.swift; path = WorkoutTextInterpreterTests.swift; sourceTree = "<group>"; };
		981BAE0D6E6447851EBE2146 /* RestNotificationPermissionTests.swift */ = {isa = PBXFileReference; lastKnownFileType = sourcecode.swift; path = RestNotificationPermissionTests.swift; sourceTree = "<group>"; };
		98A279C1A323121BEEECB5D3 /* PreviousPerformanceTests.swift */ = {isa = PBXFileReference; lastKnownFileType = sourcecode.swift; path = PreviousPerformanceTests.swift; sourceTree = "<group>"; };
		9F9E1F469E42FE774DC2F497 /* WorkoutImportStore.swift */ = {isa = PBXFileReference; lastKnownFileType = sourcecode.swift; path = WorkoutImportStore.swift; sourceTree = "<group>"; };
		9FD62B17EBDD3792FA87925E /* WorkoutImportFormatHelp.swift */ = {isa = PBXFileReference; lastKnownFileType = sourcecode.swift; path = WorkoutImportFormatHelp.swift; sourceTree = "<group>"; };
		A0E7389154D93EB86858EA6E /* WorkoutSession.swift */ = {isa = PBXFileReference; lastKnownFileType = sourcecode.swift; path = WorkoutSession.swift; sourceTree = "<group>"; };
		ACD85CABFF39A77547A53B9D /* HistoryActivity.swift */ = {isa = PBXFileReference; lastKnownFileType = sourcecode.swift; path = HistoryActivity.swift; sourceTree = "<group>"; };
		ADFC7B6F252A70CEF1BCF3D3 /* FoundationTests.swift */ = {isa = PBXFileReference; lastKnownFileType = sourcecode.swift; path = FoundationTests.swift; sourceTree = "<group>"; };
		B0AE61FF74F45492C749E5EA /* SQLiteSessionEventStore.swift */ = {isa = PBXFileReference; lastKnownFileType = sourcecode.swift; path = SQLiteSessionEventStore.swift; sourceTree = "<group>"; };
		B861AD9F9B8A36F8F67682BA /* WorkoutTextInterpreter.swift */ = {isa = PBXFileReference; lastKnownFileType = sourcecode.swift; path = WorkoutTextInterpreter.swift; sourceTree = "<group>"; };
		BB835213C6BC9ECC690D57FF /* WorkoutImportModels.swift */ = {isa = PBXFileReference; lastKnownFileType = sourcecode.swift; path = WorkoutImportModels.swift; sourceTree = "<group>"; };
		BCD4E697E7647A811A6C59D9 /* Info.plist */ = {isa = PBXFileReference; lastKnownFileType = text.plist; path = Info.plist; sourceTree = "<group>"; };
		BFDF88009A2A777957D16D7B /* WorkoutImportSchemaTests.swift */ = {isa = PBXFileReference; lastKnownFileType = sourcecode.swift; path = WorkoutImportSchemaTests.swift; sourceTree = "<group>"; };
		C801AC4F4A1B0E63D2EA19BB /* StartingLoadSuggestion.swift */ = {isa = PBXFileReference; lastKnownFileType = sourcecode.swift; path = StartingLoadSuggestion.swift; sourceTree = "<group>"; };
		CB3DB92597A7743FF29E0882 /* WorkoutDeletionTests.swift */ = {isa = PBXFileReference; lastKnownFileType = sourcecode.swift; path = WorkoutDeletionTests.swift; sourceTree = "<group>"; };
		D02C29F4E51C6DF2B88A6B51 /* workout-plan-v1.schema.json */ = {isa = PBXFileReference; lastKnownFileType = text.json; path = "workout-plan-v1.schema.json"; sourceTree = "<group>"; };
		D5CF229BD537A3FD2935C5F8 /* HistoryProgressUITests.swift */ = {isa = PBXFileReference; lastKnownFileType = sourcecode.swift; path = HistoryProgressUITests.swift; sourceTree = "<group>"; };
		D8B44BE5782BD9D5D18768D4 /* AscendFitTests.xctest */ = {isa = PBXFileReference; includeInIndex = 0; lastKnownFileType = wrapper.cfbundle; path = AscendFitTests.xctest; sourceTree = BUILT_PRODUCTS_DIR; };
		D973125F4B236ED242D1065C /* AscendFitPersonal.app */ = {isa = PBXFileReference; includeInIndex = 0; lastKnownFileType = wrapper.application; path = AscendFitPersonal.app; sourceTree = BUILT_PRODUCTS_DIR; };
		DB28DBF7C2718B178E406B6F /* ImportWorkoutView.swift */ = {isa = PBXFileReference; lastKnownFileType = sourcecode.swift; path = ImportWorkoutView.swift; sourceTree = "<group>"; };
		E810A323936FC90DA9BE1E1D /* AscendFit.app */ = {isa = PBXFileReference; includeInIndex = 0; lastKnownFileType = wrapper.application; path = AscendFit.app; sourceTree = BUILT_PRODUCTS_DIR; };
		E9EEC688346A12BA63D58B1C /* ShareViewController.swift */ = {isa = PBXFileReference; lastKnownFileType = sourcecode.swift; path = ShareViewController.swift; sourceTree = "<group>"; };
		F3CEE78747C6DA1346BD86CC /* ActualSetDetailsUITests.swift */ = {isa = PBXFileReference; lastKnownFileType = sourcecode.swift; path = ActualSetDetailsUITests.swift; sourceTree = "<group>"; };
		F4595A21D9BC7B04AA04C2FE /* HistoryView.swift */ = {isa = PBXFileReference; lastKnownFileType = sourcecode.swift; path = HistoryView.swift; sourceTree = "<group>"; };
		F585FFDC796B48D552344865 /* ValueTypes.swift */ = {isa = PBXFileReference; lastKnownFileType = sourcecode.swift; path = ValueTypes.swift; sourceTree = "<group>"; };
		F6865FED19B89FEDD31BBA11 /* TodayView.swift */ = {isa = PBXFileReference; lastKnownFileType = sourcecode.swift; path = TodayView.swift; sourceTree = "<group>"; };
		F8C6D9F106BA15ACF59CBFC3 /* WorkoutImportSchemaValidator.swift */ = {isa = PBXFileReference; lastKnownFileType = sourcecode.swift; path = WorkoutImportSchemaValidator.swift; sourceTree = "<group>"; };
		FE1A09797637C18E96D149F1 /* HistorySettingsUITests.swift */ = {isa = PBXFileReference; lastKnownFileType = sourcecode.swift; path = HistorySettingsUITests.swift; sourceTree = "<group>"; };
/* End PBXFileReference section */

/* Begin PBXFrameworksBuildPhase section */
		1A0C8E3C061F98A37CF5B72D /* Frameworks */ = {
			isa = PBXFrameworksBuildPhase;
			buildActionMask = 2147483647;
			files = (
				B9CD2A47058B89F873562745 /* libsqlite3.tbd in Frameworks */,
			);
			runOnlyForDeploymentPostprocessing = 0;
		};
		3E0D21A12800B5FCA8515C48 /* Frameworks */ = {
			isa = PBXFrameworksBuildPhase;
			buildActionMask = 2147483647;
			files = (
				0B5044A5142A5CB996C70125 /* libsqlite3.tbd in Frameworks */,
			);
			runOnlyForDeploymentPostprocessing = 0;
		};
/* End PBXFrameworksBuildPhase section */

/* Begin PBXGroup section */
		0053B0B4EF516450E45C5224 /* Import */ = {
			isa = PBXGroup;
			children = (
				69D16535C8C626AC23528EB0 /* ImportedExerciseEditor.swift */,
				DB28DBF7C2718B178E406B6F /* ImportWorkoutView.swift */,
				9FD62B17EBDD3792FA87925E /* WorkoutImportFormatHelp.swift */,
				9F9E1F469E42FE774DC2F497 /* WorkoutImportStore.swift */,
				B861AD9F9B8A36F8F67682BA /* WorkoutTextInterpreter.swift */,
			);
			path = Import;
			sourceTree = "<group>";
		};
		130D8047E30BE577DCDE378A /* Features */ = {
			isa = PBXGroup;
			children = (
				D963C754D22D0F60B15D439B /* ActiveWorkout */,
				2B33FE126D6E50A6931E0C52 /* History */,
				0053B0B4EF516450E45C5224 /* Import */,
				331E295379C153C8B93F4D78 /* ManualBuilder */,
				18EA15A309C71618D4AEAADC /* Onboarding */,
				25444ED44BFE345CFCA6DF43 /* Settings */,
				7BB8CF7C94DA6913E67C7A95 /* Today */,
			);
			path = Features;
			sourceTree = "<group>";
		};
		18EA15A309C71618D4AEAADC /* Onboarding */ = {
			isa = PBXGroup;
			children = (
				85BC725B158E836A52F41CA9 /* OnboardingView.swift */,
			);
			path = Onboarding;
			sourceTree = "<group>";
		};
		25444ED44BFE345CFCA6DF43 /* Settings */ = {
			isa = PBXGroup;
			children = (
				019949F8556067FF9D3AE25D /* AppAppearance.swift */,
				4ED951E37C05702A102FFF37 /* SettingsView.swift */,
				513588D02F350366F6429B08 /* TrainingProfileEditor.swift */,
			);
			path = Settings;
			sourceTree = "<group>";
		};
		27B06872DB6BA74D060F48DD /* Resources */ = {
			isa = PBXGroup;
			children = (
				223612D09CB155273DB052C6 /* Assets.xcassets */,
				255C4FA195116F50420DDDE5 /* CHATGPT-WORKOUT-PROMPT.txt */,
				D02C29F4E51C6DF2B88A6B51 /* workout-plan-v1.schema.json */,
			);
			path = Resources;
			sourceTree = "<group>";
		};
		2B33FE126D6E50A6931E0C52 /* History */ = {
			isa = PBXGroup;
			children = (
				3736D5ED6BBF1A1576506240 /* ExerciseHistoryView.swift */,
				05AADB5CFD93A43D61D9EC87 /* ExerciseVolumeView.swift */,
				7E20DEC1C468C655349A484A /* HistoryActivityStrip.swift */,
				F4595A21D9BC7B04AA04C2FE /* HistoryView.swift */,
				14E6D662D6282F5C6B6AFC44 /* WorkoutExportActions.swift */,
			);
			path = History;
			sourceTree = "<group>";
		};
		2BBE701A4A3428DE3191F659 /* Products */ = {
			isa = PBXGroup;
			children = (
				E810A323936FC90DA9BE1E1D /* AscendFit.app */,
				D973125F4B236ED242D1065C /* AscendFitPersonal.app */,
				2111B53EFB90B544FB18B5F9 /* AscendFitShare.appex */,
				D8B44BE5782BD9D5D18768D4 /* AscendFitTests.xctest */,
				2A49F55235EBE5CCFEC03B07 /* AscendFitUITests.xctest */,
			);
			name = Products;
			sourceTree = "<group>";
		};
		331E295379C153C8B93F4D78 /* ManualBuilder */ = {
			isa = PBXGroup;
			children = (
				51AC65AA3DA03EB62ED8F31E /* ManualWorkoutBuilderView.swift */,
				8B250A37DBE9E66E2C171CFA /* SetTempoEditor.swift */,
			);
			path = ManualBuilder;
			sourceTree = "<group>";
		};
		413C4F7EC928D857FEE4365A /* DesignSystem */ = {
			isa = PBXGroup;
			children = (
				78E5B3B002FF9F321EB31D78 /* AppTheme.swift */,
			);
			path = DesignSystem;
			sourceTree = "<group>";
		};
		45D36EF8906BDD76C26B1A53 /* ExerciseCatalog */ = {
			isa = PBXGroup;
			children = (
				29916C6BF0E8D0A40DC4B4F7 /* ExerciseCatalog.swift */,
				C801AC4F4A1B0E63D2EA19BB /* StartingLoadSuggestion.swift */,
			);
			path = ExerciseCatalog;
			sourceTree = "<group>";
		};
		4C38E9FBEBBFAC39D3801B0D = {
			isa = PBXGroup;
			children = (
				AFDA6B706490DB213A33FF6D /* AscendFit */,
				C610AEF122E6852FBB7E7375 /* AscendFitShare */,
				7470C88B7037E681A92E3B58 /* AscendFitTests */,
				9C92FD042304AE401BF3954E /* AscendFitUITests */,
				F52565A516B57E8833F01304 /* Shared */,
				FCCAD368C62E9286654BDAC8 /* Frameworks */,
				2BBE701A4A3428DE3191F659 /* Products */,
			);
			sourceTree = "<group>";
		};
		66F88A73E236BE70CED5FA03 /* App */ = {
			isa = PBXGroup;
			children = (
				1756DFBFE1BA0302A79CF41A /* AppModel.swift */,
				6EFA965575C22289379ABF4D /* AscendFitApp.swift */,
				4CE8F4F64258D56980D57A90 /* RestNotificationPermissionPolicy.swift */,
				60E0A89F95E1580F5B7E5AF7 /* RootView.swift */,
				F8C6D9F106BA15ACF59CBFC3 /* WorkoutImportSchemaValidator.swift */,
			);
			path = App;
			sourceTree = "<group>";
		};
		7470C88B7037E681A92E3B58 /* AscendFitTests */ = {
			isa = PBXGroup;
			children = (
				D327ABFA91E5D31827DF5422 /* Fixtures */,
				499864D8F54B8E84BF1A4B70 /* ActualSetEntryTests.swift */,
				11FF0909110B9B60102E09AE /* ExecutionExpansionTests.swift */,
				ADFC7B6F252A70CEF1BCF3D3 /* FoundationTests.swift */,
				6907726891B5061B501BA749 /* HistoryDataTests.swift */,
				73ABF8B2465A352BB7A1749D /* HistoryProgressTests.swift */,
				18E82171868373B2FFC0DC88 /* ImportSourcePersistenceTests.swift */,
				7CACAD1C9E7319CA847BB89E /* LocalStoreTests.swift */,
				98A279C1A323121BEEECB5D3 /* PreviousPerformanceTests.swift */,
				981BAE0D6E6447851EBE2146 /* RestNotificationPermissionTests.swift */,
				19543D5B236F3D79B0CFDEAA /* SessionClockRollbackTests.swift */,
				7E39A97E96A54ED18B125613 /* SharedWorkoutHandoffTests.swift */,
				1B5B31B4A1A5F0789BBCF1C4 /* SharedWorkoutInboxTests.swift */,
				CB3DB92597A7743FF29E0882 /* WorkoutDeletionTests.swift */,
				209580DDBBE552372E352BD7 /* WorkoutDomainTests.swift */,
				BFDF88009A2A777957D16D7B /* WorkoutImportSchemaTests.swift */,
				0136782CEB204681871EF99C /* WorkoutImportTests.swift */,
				849376F5C1B62CCA748C1B58 /* WorkoutNavigationTests.swift */,
				2BC582AE44D43C1C8FACBA20 /* WorkoutSessionTests.swift */,
				957C3ACB23B7C75AFB8882B7 /* WorkoutTextInterpreterTests.swift */,
			);
			path = AscendFitTests;
			sourceTree = "<group>";
		};
		7BB8CF7C94DA6913E67C7A95 /* Today */ = {
			isa = PBXGroup;
			children = (
				F6865FED19B89FEDD31BBA11 /* TodayView.swift */,
			);
			path = Today;
			sourceTree = "<group>";
		};
		971CDFEC2EB06BC9D08C0BC8 /* WorkoutDomain */ = {
			isa = PBXGroup;
			children = (
				1BD286CA1AA545BA4EA76675 /* DomainValidation.swift */,
				12D2768959CFE32B4CFA8442 /* ExerciseProgress.swift */,
				ACD85CABFF39A77547A53B9D /* HistoryActivity.swift */,
				14582E8CDCFD0B31B1A0C556 /* PreviousPerformance.swift */,
				F585FFDC796B48D552344865 /* ValueTypes.swift */,
				19E40F42D59BBFCE92C90D06 /* WorkoutDataExport.swift */,
				BB835213C6BC9ECC690D57FF /* WorkoutImportModels.swift */,
				3821E6D72CCE6DA34533B154 /* WorkoutPlan.swift */,
				A0E7389154D93EB86858EA6E /* WorkoutSession.swift */,
				0CFD477345C41743E42070C3 /* WorkoutSummary.swift */,
			);
			path = WorkoutDomain;
			sourceTree = "<group>";
		};
		9C92FD042304AE401BF3954E /* AscendFitUITests */ = {
			isa = PBXGroup;
			children = (
				F3CEE78747C6DA1346BD86CC /* ActualSetDetailsUITests.swift */,
				20794AF0115B7665031DCE42 /* AppearanceAccessibilityUITests.swift */,
				8A99704CA506D59A1A38D03C /* AscendFitUITests.swift */,
				236C27787E95786C6FC40BEF /* ExpandedWorkoutUITests.swift */,
				D5CF229BD537A3FD2935C5F8 /* HistoryProgressUITests.swift */,
				FE1A09797637C18E96D149F1 /* HistorySettingsUITests.swift */,
				595CA3EE580CFD75E91FA636 /* WorkoutImportUITests.swift */,
				4D30A688EBE6C6F94238A46F /* WorkoutNavigationUITests.swift */,
			);
			path = AscendFitUITests;
			sourceTree = "<group>";
		};
		AFDA6B706490DB213A33FF6D /* AscendFit */ = {
			isa = PBXGroup;
			children = (
				66F88A73E236BE70CED5FA03 /* App */,
				413C4F7EC928D857FEE4365A /* DesignSystem */,
				45D36EF8906BDD76C26B1A53 /* ExerciseCatalog */,
				130D8047E30BE577DCDE378A /* Features */,
				C2021EEDB81420796BBDFFAA /* LocalStore */,
				27B06872DB6BA74D060F48DD /* Resources */,
				971CDFEC2EB06BC9D08C0BC8 /* WorkoutDomain */,
			);
			path = AscendFit;
			sourceTree = "<group>";
		};
		C2021EEDB81420796BBDFFAA /* LocalStore */ = {
			isa = PBXGroup;
			children = (
				3625A173285621C5FE9B022C /* SessionEventStore.swift */,
				B0AE61FF74F45492C749E5EA /* SQLiteSessionEventStore.swift */,
			);
			path = LocalStore;
			sourceTree = "<group>";
		};
		C610AEF122E6852FBB7E7375 /* AscendFitShare */ = {
			isa = PBXGroup;
			children = (
				08625C72CC88FC4CB409D8CC /* App.entitlements */,
				BCD4E697E7647A811A6C59D9 /* Info.plist */,
				45A5A5D63CFFD8A66007A908 /* Share.entitlements */,
				E9EEC688346A12BA63D58B1C /* ShareViewController.swift */,
			);
			path = AscendFitShare;
			sourceTree = "<group>";
		};
		D327ABFA91E5D31827DF5422 /* Fixtures */ = {
			isa = PBXGroup;
			children = (
				61082DC94DC5B6E62BE8117A /* lower-a-ready.workout.json */,
				629AD9389C2CE4BDDE67ADB6 /* lower-a-review.workout.json */,
			);
			path = Fixtures;
			sourceTree = "<group>";
		};
		D963C754D22D0F60B15D439B /* ActiveWorkout */ = {
			isa = PBXGroup;
			children = (
				238F5B15A53D04E6EBB29766 /* ActiveWorkoutView.swift */,
				460FBDA6665B1AE01A57F2F7 /* SetDetailsFields.swift */,
				165C1D9E9205D7455208E3FF /* WorkoutOverviewView.swift */,
			);
			path = ActiveWorkout;
			sourceTree = "<group>";
		};
		F52565A516B57E8833F01304 /* Shared */ = {
			isa = PBXGroup;
			children = (
				292F5F0DC25338A47F2D7955 /* SharedWorkoutInbox.swift */,
			);
			path = Shared;
			sourceTree = "<group>";
		};
		FCCAD368C62E9286654BDAC8 /* Frameworks */ = {
			isa = PBXGroup;
			children = (
				75C807F13B2045C25EE489D9 /* libsqlite3.tbd */,
			);
			name = Frameworks;
			sourceTree = "<group>";
		};
/* End PBXGroup section */

/* Begin PBXNativeTarget section */
		0C34989F1BFD8895F85FE783 /* AscendFitUITests */ = {
			isa = PBXNativeTarget;
			buildConfigurationList = E034CC0A1DA8DA27B991ADAF /* Build configuration list for PBXNativeTarget "AscendFitUITests" */;
			buildPhases = (
				FDB92424F47BC34927573218 /* Sources */,
			);
			buildRules = (
			);
			dependencies = (
				B188E72BF2248E5C038E0D01 /* PBXTargetDependency */,
			);
			name = AscendFitUITests;
			packageProductDependencies = (
			);
			productName = AscendFitUITests;
			productReference = 2A49F55235EBE5CCFEC03B07 /* AscendFitUITests.xctest */;
			productType = "com.apple.product-type.bundle.ui-testing";
		};
		21D44AB31265433809B85DDD /* AscendFitShare */ = {
			isa = PBXNativeTarget;
			buildConfigurationList = 8787DA916C96C0EEFB00CE52 /* Build configuration list for PBXNativeTarget "AscendFitShare" */;
			buildPhases = (
				4FE11BC8532A10F7E6FF90D0 /* Sources */,
			);
			buildRules = (
			);
			dependencies = (
			);
			name = AscendFitShare;
			packageProductDependencies = (
			);
			productName = AscendFitShare;
			productReference = 2111B53EFB90B544FB18B5F9 /* AscendFitShare.appex */;
			productType = "com.apple.product-type.app-extension";
		};
		31C9CE2F3AA5F9B2F90FAA59 /* AscendFitPersonal */ = {
			isa = PBXNativeTarget;
			buildConfigurationList = 8D41C773D2198E3511E23585 /* Build configuration list for PBXNativeTarget "AscendFitPersonal" */;
			buildPhases = (
				3C02AF8FF17E9769D56B699F /* Sources */,
				92EF99B6D50821B6AABA6601 /* Resources */,
				1A0C8E3C061F98A37CF5B72D /* Frameworks */,
			);
			buildRules = (
			);
			dependencies = (
			);
			name = AscendFitPersonal;
			packageProductDependencies = (
			);
			productName = AscendFitPersonal;
			productReference = D973125F4B236ED242D1065C /* AscendFitPersonal.app */;
			productType = "com.apple.product-type.application";
		};
		8694A45450FDFE7041B02D85 /* AscendFit */ = {
			isa = PBXNativeTarget;
			buildConfigurationList = 9FF98E138DE8A7BA67EEDA4B /* Build configuration list for PBXNativeTarget "AscendFit" */;
			buildPhases = (
				DD124DF8C4C1FC6F70C8BA7E /* Sources */,
				F404D55E72FF06CCAB58163E /* Resources */,
				3E0D21A12800B5FCA8515C48 /* Frameworks */,
				62F7699277124CBD0991584D /* Embed Foundation Extensions */,
			);
			buildRules = (
			);
			dependencies = (
				C780B8866A2FDE7E72F29949 /* PBXTargetDependency */,
			);
			name = AscendFit;
			packageProductDependencies = (
			);
			productName = AscendFit;
			productReference = E810A323936FC90DA9BE1E1D /* AscendFit.app */;
			productType = "com.apple.product-type.application";
		};
		BEE69901F5F0563D8C8274B9 /* AscendFitTests */ = {
			isa = PBXNativeTarget;
			buildConfigurationList = 6F94ABA3D72E0E967075EDD4 /* Build configuration list for PBXNativeTarget "AscendFitTests" */;
			buildPhases = (
				58E5016E788D062E5ACD5FB7 /* Sources */,
				BE358C71AE6D250BFABED9C4 /* Resources */,
			);
			buildRules = (
			);
			dependencies = (
				4AEBE06C917EBA525B49061E /* PBXTargetDependency */,
			);
			name = AscendFitTests;
			packageProductDependencies = (
			);
			productName = AscendFitTests;
			productReference = D8B44BE5782BD9D5D18768D4 /* AscendFitTests.xctest */;
			productType = "com.apple.product-type.bundle.unit-test";
		};
/* End PBXNativeTarget section */

/* Begin PBXProject section */
		F911CC866DD4628C8BF5E05C /* Project object */ = {
			isa = PBXProject;
			attributes = {
				BuildIndependentTargetsInParallel = YES;
				LastUpgradeCheck = 1430;
				TargetAttributes = {
					0C34989F1BFD8895F85FE783 = {
						TestTargetID = 8694A45450FDFE7041B02D85;
					};
				};
			};
			buildConfigurationList = 04C19F8BE30695FDBC3AF802 /* Build configuration list for PBXProject "AscendFit" */;
			compatibilityVersion = "Xcode 14.0";
			developmentRegion = en;
			hasScannedForEncodings = 0;
			knownRegions = (
				Base,
				en,
			);
			mainGroup = 4C38E9FBEBBFAC39D3801B0D;
			minimizedProjectReferenceProxies = 1;
			preferredProjectObjectVersion = 77;
			projectDirPath = "";
			projectRoot = "";
			targets = (
				8694A45450FDFE7041B02D85 /* AscendFit */,
				31C9CE2F3AA5F9B2F90FAA59 /* AscendFitPersonal */,
				21D44AB31265433809B85DDD /* AscendFitShare */,
				BEE69901F5F0563D8C8274B9 /* AscendFitTests */,
				0C34989F1BFD8895F85FE783 /* AscendFitUITests */,
			);
		};
/* End PBXProject section */

/* Begin PBXResourcesBuildPhase section */
		92EF99B6D50821B6AABA6601 /* Resources */ = {
			isa = PBXResourcesBuildPhase;
			buildActionMask = 2147483647;
			files = (
				29A3FFD790BD9A1CA5885ED1 /* Assets.xcassets in Resources */,
				CB56D326E2F97086F5E21166 /* CHATGPT-WORKOUT-PROMPT.txt in Resources */,
				F5400D81FD7110F9C1C962AD /* workout-plan-v1.schema.json in Resources */,
			);
			runOnlyForDeploymentPostprocessing = 0;
		};
		BE358C71AE6D250BFABED9C4 /* Resources */ = {
			isa = PBXResourcesBuildPhase;
			buildActionMask = 2147483647;
			files = (
				ECBAE793463DE6341DFB4F96 /* lower-a-ready.workout.json in Resources */,
				DD19ED8FF8C613E81379183B /* lower-a-review.workout.json in Resources */,
			);
			runOnlyForDeploymentPostprocessing = 0;
		};
		F404D55E72FF06CCAB58163E /* Resources */ = {
			isa = PBXResourcesBuildPhase;
			buildActionMask = 2147483647;
			files = (
				A8E32136D31A0848E4118351 /* Assets.xcassets in Resources */,
				B19A651BDBCBD0CEA1D83595 /* CHATGPT-WORKOUT-PROMPT.txt in Resources */,
				70EBF7F5DC9D7D681B4185E8 /* workout-plan-v1.schema.json in Resources */,
			);
			runOnlyForDeploymentPostprocessing = 0;
		};
/* End PBXResourcesBuildPhase section */

/* Begin PBXSourcesBuildPhase section */
		3C02AF8FF17E9769D56B699F /* Sources */ = {
			isa = PBXSourcesBuildPhase;
			buildActionMask = 2147483647;
			files = (
				BA9F5D9C54A98972E36A5889 /* ActiveWorkoutView.swift in Sources */,
				D445A0085A5F6A6FD7E5AB44 /* AppAppearance.swift in Sources */,
				BE2FFF3FB48E32535026A895 /* AppModel.swift in Sources */,
				2B895E2EE781863C853EAAFF /* AppTheme.swift in Sources */,
				FAD13504556614D6C204107B /* AscendFitApp.swift in Sources */,
				43C89CB0D63F2270A51E5B69 /* DomainValidation.swift in Sources */,
				408AD5793A8323E617D54286 /* ExerciseCatalog.swift in Sources */,
				624BA721A52BA25CE8027A9F /* ExerciseHistoryView.swift in Sources */,
				CC10C030A2B993459F7B52CD /* ExerciseProgress.swift in Sources */,
				AA5BAF26AE1FA1E62820A750 /* ExerciseVolumeView.swift in Sources */,
				B62FBD7511B3F2E78490A820 /* HistoryActivity.swift in Sources */,
				46C6DE29A61479FAABB0DF0F /* HistoryActivityStrip.swift in Sources */,
				9EE7B4C2B231169085621B91 /* HistoryView.swift in Sources */,
				FD80B1E5226E3E4C59DA8E22 /* ImportWorkoutView.swift in Sources */,
				7DFADCF4E1A550AEE2B658AF /* ImportedExerciseEditor.swift in Sources */,
				40CC7BD7E34741472BF8B6B3 /* ManualWorkoutBuilderView.swift in Sources */,
				CD9C7F0AD50350BB8D076FD1 /* OnboardingView.swift in Sources */,
				356CB7BD42A5F10B3711B502 /* PreviousPerformance.swift in Sources */,
				63BF568B2EE7BE69CF961485 /* RestNotificationPermissionPolicy.swift in Sources */,
				940B2594506F4263FE0AB193 /* RootView.swift in Sources */,
				3C148A43C6389EC19B26E697 /* SQLiteSessionEventStore.swift in Sources */,
				DED1025290E067CF0C5ED9FA /* SessionEventStore.swift in Sources */,
				1A4D3DDCA139D2E35950ACCF /* SetDetailsFields.swift in Sources */,
				FADF12B739723897582EA1EC /* SetTempoEditor.swift in Sources */,
				F765F5956CD019B62217FE06 /* SettingsView.swift in Sources */,
				9FC8DB5DC8F1995C2613FAED /* SharedWorkoutInbox.swift in Sources */,
				0758094E92AF3C093BC50C77 /* StartingLoadSuggestion.swift in Sources */,
				1A2E9FEE57C6E1AA51249BDD /* TodayView.swift in Sources */,
				5CBCD8BE3593C7272FD5FE10 /* TrainingProfileEditor.swift in Sources */,
				B7722E33610852A623720DF9 /* ValueTypes.swift in Sources */,
				09747FA754A85605CEEC3DBC /* WorkoutDataExport.swift in Sources */,
				4027E0474A182EC7823E9B9A /* WorkoutExportActions.swift in Sources */,
				8A9E9C1B40D12C2D9CA9DF5B /* WorkoutImportFormatHelp.swift in Sources */,
				C1AC3538257A60BED35A3CF3 /* WorkoutImportModels.swift in Sources */,
				EB6E92554D689B7B926BAD0F /* WorkoutImportSchemaValidator.swift in Sources */,
				B427C36C87262279AF69D897 /* WorkoutImportStore.swift in Sources */,
				7950F7C71142BD49B1A61B0C /* WorkoutOverviewView.swift in Sources */,
				0D852235AF419BDA1704B243 /* WorkoutPlan.swift in Sources */,
				0CA70AEAFF25F1D538D34C47 /* WorkoutSession.swift in Sources */,
				5C5D960DA4745B4D1C4A833F /* WorkoutSummary.swift in Sources */,
				B3D52F8B2F30DCEEF8994DBF /* WorkoutTextInterpreter.swift in Sources */,
			);
			runOnlyForDeploymentPostprocessing = 0;
		};
		4FE11BC8532A10F7E6FF90D0 /* Sources */ = {
			isa = PBXSourcesBuildPhase;
			buildActionMask = 2147483647;
			files = (
				87526AB7482EA312E7A04335 /* ShareViewController.swift in Sources */,
				060A29E84DB26DE7A33E5C90 /* SharedWorkoutInbox.swift in Sources */,
			);
			runOnlyForDeploymentPostprocessing = 0;
		};
		58E5016E788D062E5ACD5FB7 /* Sources */ = {
			isa = PBXSourcesBuildPhase;
			buildActionMask = 2147483647;
			files = (
				B2190A8A0AF76D2B00D71216 /* ActualSetEntryTests.swift in Sources */,
				F707A3C7A363938017FF8C33 /* ExecutionExpansionTests.swift in Sources */,
				152474D25E771F730919E866 /* FoundationTests.swift in Sources */,
				690A948849F8702B04870A5C /* HistoryDataTests.swift in Sources */,
				FEDEA27F29CBAD42CFB30266 /* HistoryProgressTests.swift in Sources */,
				0E0007146EDC3480C053AE54 /* ImportSourcePersistenceTests.swift in Sources */,
				0A1F214CE6A0E876FEACDA6D /* LocalStoreTests.swift in Sources */,
				AA2296B5E164FDAC9AEC371E /* PreviousPerformanceTests.swift in Sources */,
				8F01E9163F03E46450118120 /* RestNotificationPermissionTests.swift in Sources */,
				626659719043C645FD07323F /* SessionClockRollbackTests.swift in Sources */,
				7DF229A392DD36F1291AD484 /* SharedWorkoutHandoffTests.swift in Sources */,
				34E14D97BA9CEA44DD8C589F /* SharedWorkoutInboxTests.swift in Sources */,
				16EA8A302E338B4D5C3B5E7D /* WorkoutDeletionTests.swift in Sources */,
				68AC73C13D90782D5F230A14 /* WorkoutDomainTests.swift in Sources */,
				A4E981C8C84E1D9779901936 /* WorkoutImportSchemaTests.swift in Sources */,
				7A904CB612E0E66ACD908D7E /* WorkoutImportTests.swift in Sources */,
				69CFE92BECDBF41BA3000975 /* WorkoutNavigationTests.swift in Sources */,
				47C700BF3C052079E512D80E /* WorkoutSessionTests.swift in Sources */,
				7956BCB40B0F013AA280A0BD /* WorkoutTextInterpreterTests.swift in Sources */,
			);
			runOnlyForDeploymentPostprocessing = 0;
		};
		DD124DF8C4C1FC6F70C8BA7E /* Sources */ = {
			isa = PBXSourcesBuildPhase;
			buildActionMask = 2147483647;
			files = (
				FDC7EBFBCE39EC1A6D8119A6 /* ActiveWorkoutView.swift in Sources */,
				74DA620CB1C34DC3C05BCD9C /* AppAppearance.swift in Sources */,
				421D06E305593F6A3963BD09 /* AppModel.swift in Sources */,
				8BC97C83CA5A9EAD44FE6644 /* AppTheme.swift in Sources */,
				F1D1C48783A7766072A1C953 /* AscendFitApp.swift in Sources */,
				30B8CB033AB97124F313348E /* DomainValidation.swift in Sources */,
				C76DAD159DCCCAD6AFA49034 /* ExerciseCatalog.swift in Sources */,
				951E4FE2FA5FD5485D33EDE3 /* ExerciseHistoryView.swift in Sources */,
				4057CD92B60E5D1A0DA38F6D /* ExerciseProgress.swift in Sources */,
				610A8A00FE1F3F23417F3E1B /* ExerciseVolumeView.swift in Sources */,
				9B68D8DFD2C0963390DEC41F /* HistoryActivity.swift in Sources */,
				8C5CBDC9E40623B0F3F8EFB6 /* HistoryActivityStrip.swift in Sources */,
				43A44C25B764071A7F03FB7D /* HistoryView.swift in Sources */,
				3F0BE4A63CA15E82D880F145 /* ImportWorkoutView.swift in Sources */,
				428F096FFE3D29AA8E398297 /* ImportedExerciseEditor.swift in Sources */,
				E79CE5B984975880EAD868CA /* ManualWorkoutBuilderView.swift in Sources */,
				1B5D38552B264EE33A0088A8 /* OnboardingView.swift in Sources */,
				6FAB847425AC218C8785781B /* PreviousPerformance.swift in Sources */,
				649CE8B5D25068B71ED7B59F /* RestNotificationPermissionPolicy.swift in Sources */,
				3CC9E9902A08CEE77C28E8FE /* RootView.swift in Sources */,
				8366A325710CCE5E32F218B9 /* SQLiteSessionEventStore.swift in Sources */,
				B79348341A37105A541BCE7D /* SessionEventStore.swift in Sources */,
				5AAB93FAE7601BD15184A9C1 /* SetDetailsFields.swift in Sources */,
				8AEF25F2B9263008FF2EBEDC /* SetTempoEditor.swift in Sources */,
				E7C6FD340268059B392BC9D1 /* SettingsView.swift in Sources */,
				9DCA3080FABF4DDE57A56AB5 /* SharedWorkoutInbox.swift in Sources */,
				BDF14848EEEA0B0C6F9EDA0D /* StartingLoadSuggestion.swift in Sources */,
				9D3AD2B5D3438F0DD0B79931 /* TodayView.swift in Sources */,
				9230279BCD470EE7D60AFDCF /* TrainingProfileEditor.swift in Sources */,
				0DCDC4F82E38BF95406FFA59 /* ValueTypes.swift in Sources */,
				9CBA8B72C6AFBE5957EC159C /* WorkoutDataExport.swift in Sources */,
				7746386DEAF21C25FD3F8A78 /* WorkoutExportActions.swift in Sources */,
				A2D1653E20EC54BECBAE2E6F /* WorkoutImportFormatHelp.swift in Sources */,
				6AD26B675A770007A0EB3BE7 /* WorkoutImportModels.swift in Sources */,
				3A053C39173F2C3288E70EAB /* WorkoutImportSchemaValidator.swift in Sources */,
				A9799304FF37AE450A5A8B16 /* WorkoutImportStore.swift in Sources */,
				30E043E4E6C1BDDF3B6BC1E1 /* WorkoutOverviewView.swift in Sources */,
				B4F5E999B2F38336CE5FCB4A /* WorkoutPlan.swift in Sources */,
				AF7B05F5178B73011C108BDE /* WorkoutSession.swift in Sources */,
				8E3D3F7BB950C9060235EAE9 /* WorkoutSummary.swift in Sources */,
				545F9336CAE2C477DA3807FD /* WorkoutTextInterpreter.swift in Sources */,
			);
			runOnlyForDeploymentPostprocessing = 0;
		};
		FDB92424F47BC34927573218 /* Sources */ = {
			isa = PBXSourcesBuildPhase;
			buildActionMask = 2147483647;
			files = (
				28D594A9CA2A30D84A1FC208 /* ActualSetDetailsUITests.swift in Sources */,
				33EB539470CB1096636B7C1F /* AppearanceAccessibilityUITests.swift in Sources */,
				41BBDF0392750245EF0E1638 /* AscendFitUITests.swift in Sources */,
				3B6D779E4C379E5300A3158B /* ExpandedWorkoutUITests.swift in Sources */,
				ADC038DB8A91BC096A58BA57 /* HistoryProgressUITests.swift in Sources */,
				6D7C9BDC052512C3ED148C64 /* HistorySettingsUITests.swift in Sources */,
				FAE7B7E266CB3AD32ACE421A /* WorkoutImportUITests.swift in Sources */,
				00FABF2AE5CF4FD8DA30C9BA /* WorkoutNavigationUITests.swift in Sources */,
			);
			runOnlyForDeploymentPostprocessing = 0;
		};
/* End PBXSourcesBuildPhase section */

/* Begin PBXTargetDependency section */
		4AEBE06C917EBA525B49061E /* PBXTargetDependency */ = {
			isa = PBXTargetDependency;
			target = 8694A45450FDFE7041B02D85 /* AscendFit */;
			targetProxy = 4C26A53A9DF5BBB6F9DD3FEF /* PBXContainerItemProxy */;
		};
		B188E72BF2248E5C038E0D01 /* PBXTargetDependency */ = {
			isa = PBXTargetDependency;
			target = 8694A45450FDFE7041B02D85 /* AscendFit */;
			targetProxy = 4F161FD603DEDEED2F59D9A5 /* PBXContainerItemProxy */;
		};
		C780B8866A2FDE7E72F29949 /* PBXTargetDependency */ = {
			isa = PBXTargetDependency;
			target = 21D44AB31265433809B85DDD /* AscendFitShare */;
			targetProxy = 15FB2AA8104EBB1AFD760E05 /* PBXContainerItemProxy */;
		};
/* End PBXTargetDependency section */

/* Begin XCBuildConfiguration section */
		2565AB11AAD5C729A9CB2612 /* Release */ = {
			isa = XCBuildConfiguration;
			buildSettings = {
				ASSETCATALOG_COMPILER_APPICON_NAME = AppIcon;
				CODE_SIGN_IDENTITY = "iPhone Developer";
				GENERATE_INFOPLIST_FILE = YES;
				INFOPLIST_KEY_CFBundleDisplayName = "Ascend Fit";
				INFOPLIST_KEY_LSApplicationCategoryType = "public.app-category.healthcare-fitness";
				INFOPLIST_KEY_UIApplicationSupportsIndirectInputEvents = YES;
				INFOPLIST_KEY_UILaunchScreen_Generation = YES;
				INFOPLIST_KEY_UISupportedInterfaceOrientations_iPhone = UIInterfaceOrientationPortrait;
				LD_RUNPATH_SEARCH_PATHS = (
					"$(inherited)",
					"@executable_path/Frameworks",
				);
				DEVELOPMENT_TEAM = V8DXC4RV3Z;
				PRODUCT_BUNDLE_IDENTIFIER = com.ymwondimu.ascendfit.personal;
				PRODUCT_MODULE_NAME = AscendFitPersonal;
				PRODUCT_NAME = AscendFitPersonal;
				SDKROOT = iphoneos;
				SWIFT_ACTIVE_COMPILATION_CONDITIONS = "$(inherited) ASCEND_FIT_PERSONAL";
				TARGETED_DEVICE_FAMILY = 1;
			};
			name = Release;
		};
		25B64DB2B1F033CC56F13AEF /* Debug */ = {
			isa = XCBuildConfiguration;
			buildSettings = {
				BUNDLE_LOADER = "$(TEST_HOST)";
				GENERATE_INFOPLIST_FILE = YES;
				LD_RUNPATH_SEARCH_PATHS = (
					"$(inherited)",
					"@executable_path/Frameworks",
					"@loader_path/Frameworks",
				);
				PRODUCT_BUNDLE_IDENTIFIER = com.ascendfit.app.uitests;
				SDKROOT = iphoneos;
				TARGETED_DEVICE_FAMILY = "1,2";
				TEST_TARGET_NAME = AscendFit;
			};
			name = Debug;
		};
		2CEBF79C7739A78DDA16C8C3 /* Release */ = {
			isa = XCBuildConfiguration;
			buildSettings = {
				ALWAYS_SEARCH_USER_PATHS = NO;
				CLANG_ANALYZER_NONNULL = YES;
				CLANG_ANALYZER_NUMBER_OBJECT_CONVERSION = YES_AGGRESSIVE;
				CLANG_CXX_LANGUAGE_STANDARD = "gnu++14";
				CLANG_CXX_LIBRARY = "libc++";
				CLANG_ENABLE_MODULES = YES;
				CLANG_ENABLE_OBJC_ARC = YES;
				CLANG_ENABLE_OBJC_WEAK = YES;
				CLANG_WARN_BLOCK_CAPTURE_AUTORELEASING = YES;
				CLANG_WARN_BOOL_CONVERSION = YES;
				CLANG_WARN_COMMA = YES;
				CLANG_WARN_CONSTANT_CONVERSION = YES;
				CLANG_WARN_DEPRECATED_OBJC_IMPLEMENTATIONS = YES;
				CLANG_WARN_DIRECT_OBJC_ISA_USAGE = YES_ERROR;
				CLANG_WARN_DOCUMENTATION_COMMENTS = YES;
				CLANG_WARN_EMPTY_BODY = YES;
				CLANG_WARN_ENUM_CONVERSION = YES;
				CLANG_WARN_INFINITE_RECURSION = YES;
				CLANG_WARN_INT_CONVERSION = YES;
				CLANG_WARN_NON_LITERAL_NULL_CONVERSION = YES;
				CLANG_WARN_OBJC_IMPLICIT_RETAIN_SELF = YES;
				CLANG_WARN_OBJC_LITERAL_CONVERSION = YES;
				CLANG_WARN_OBJC_ROOT_CLASS = YES_ERROR;
				CLANG_WARN_QUOTED_INCLUDE_IN_FRAMEWORK_HEADER = YES;
				CLANG_WARN_RANGE_LOOP_ANALYSIS = YES;
				CLANG_WARN_STRICT_PROTOTYPES = YES;
				CLANG_WARN_SUSPICIOUS_MOVE = YES;
				CLANG_WARN_UNGUARDED_AVAILABILITY = YES_AGGRESSIVE;
				CLANG_WARN_UNREACHABLE_CODE = YES;
				CLANG_WARN__DUPLICATE_METHOD_MATCH = YES;
				COPY_PHASE_STRIP = NO;
				CURRENT_PROJECT_VERSION = 1;
				DEBUG_INFORMATION_FORMAT = "dwarf-with-dsym";
				ENABLE_NS_ASSERTIONS = NO;
				ENABLE_STRICT_OBJC_MSGSEND = YES;
				ENABLE_USER_SCRIPT_SANDBOXING = YES;
				GCC_C_LANGUAGE_STANDARD = gnu11;
				GCC_NO_COMMON_BLOCKS = YES;
				GCC_WARN_64_TO_32_BIT_CONVERSION = YES;
				GCC_WARN_ABOUT_RETURN_TYPE = YES_ERROR;
				GCC_WARN_UNDECLARED_SELECTOR = YES;
				GCC_WARN_UNINITIALIZED_AUTOS = YES_AGGRESSIVE;
				GCC_WARN_UNUSED_FUNCTION = YES;
				GCC_WARN_UNUSED_VARIABLE = YES;
				IPHONEOS_DEPLOYMENT_TARGET = 18.0;
				MARKETING_VERSION = 1.0.0;
				MTL_ENABLE_DEBUG_INFO = NO;
				MTL_FAST_MATH = YES;
				PRODUCT_NAME = "$(TARGET_NAME)";
				SDKROOT = iphoneos;
				SWIFT_COMPILATION_MODE = wholemodule;
				SWIFT_OPTIMIZATION_LEVEL = "-O";
				SWIFT_VERSION = 6.0;
			};
			name = Release;
		};
		2D5056208322E83CCF848E6C /* Release */ = {
			isa = XCBuildConfiguration;
			buildSettings = {
				BUNDLE_LOADER = "$(TEST_HOST)";
				GENERATE_INFOPLIST_FILE = YES;
				LD_RUNPATH_SEARCH_PATHS = (
					"$(inherited)",
					"@executable_path/Frameworks",
					"@loader_path/Frameworks",
				);
				PRODUCT_BUNDLE_IDENTIFIER = com.ascendfit.app.uitests;
				SDKROOT = iphoneos;
				TARGETED_DEVICE_FAMILY = "1,2";
				TEST_TARGET_NAME = AscendFit;
			};
			name = Release;
		};
		4207FAB0321F5291783AB5BC /* Debug */ = {
			isa = XCBuildConfiguration;
			buildSettings = {
				APPLICATION_EXTENSION_API_ONLY = YES;
				CODE_SIGN_ENTITLEMENTS = AscendFitShare/Share.entitlements;
				INFOPLIST_FILE = AscendFitShare/Info.plist;
				LD_RUNPATH_SEARCH_PATHS = (
					"$(inherited)",
					"@executable_path/Frameworks",
					"@executable_path/../../Frameworks",
				);
				DEVELOPMENT_TEAM = V8DXC4RV3Z;
				PRODUCT_BUNDLE_IDENTIFIER = com.ascendfit.app.share;
				PRODUCT_NAME = AscendFitShare;
				SDKROOT = iphoneos;
				SKIP_INSTALL = YES;
				TARGETED_DEVICE_FAMILY = 1;
			};
			name = Debug;
		};
		4C0848F63CAACCE6626D669E /* Release */ = {
			isa = XCBuildConfiguration;
			buildSettings = {
				ASSETCATALOG_COMPILER_APPICON_NAME = AppIcon;
				CODE_SIGN_ENTITLEMENTS = AscendFitShare/App.entitlements;
				CODE_SIGN_IDENTITY = "iPhone Developer";
				GENERATE_INFOPLIST_FILE = YES;
				INFOPLIST_KEY_CFBundleDisplayName = "Ascend Fit";
				INFOPLIST_KEY_LSApplicationCategoryType = "public.app-category.healthcare-fitness";
				INFOPLIST_KEY_UIApplicationSupportsIndirectInputEvents = YES;
				INFOPLIST_KEY_UILaunchScreen_Generation = YES;
				INFOPLIST_KEY_UISupportedInterfaceOrientations_iPhone = UIInterfaceOrientationPortrait;
				LD_RUNPATH_SEARCH_PATHS = (
					"$(inherited)",
					"@executable_path/Frameworks",
				);
				DEVELOPMENT_TEAM = V8DXC4RV3Z;
				PRODUCT_BUNDLE_IDENTIFIER = com.ascendfit.app;
				PRODUCT_MODULE_NAME = AscendFit;
				PRODUCT_NAME = AscendFit;
				SDKROOT = iphoneos;
				TARGETED_DEVICE_FAMILY = 1;
			};
			name = Release;
		};
		6C7B3038CB09D8D7726482A3 /* Release */ = {
			isa = XCBuildConfiguration;
			buildSettings = {
				APPLICATION_EXTENSION_API_ONLY = YES;
				CODE_SIGN_ENTITLEMENTS = AscendFitShare/Share.entitlements;
				INFOPLIST_FILE = AscendFitShare/Info.plist;
				LD_RUNPATH_SEARCH_PATHS = (
					"$(inherited)",
					"@executable_path/Frameworks",
					"@executable_path/../../Frameworks",
				);
				DEVELOPMENT_TEAM = V8DXC4RV3Z;
				PRODUCT_BUNDLE_IDENTIFIER = com.ascendfit.app.share;
				PRODUCT_NAME = AscendFitShare;
				SDKROOT = iphoneos;
				SKIP_INSTALL = YES;
				TARGETED_DEVICE_FAMILY = 1;
			};
			name = Release;
		};
		83AA151958E54FC410A35281 /* Debug */ = {
			isa = XCBuildConfiguration;
			buildSettings = {
				BUNDLE_LOADER = "$(TEST_HOST)";
				GENERATE_INFOPLIST_FILE = YES;
				LD_RUNPATH_SEARCH_PATHS = (
					"$(inherited)",
					"@executable_path/Frameworks",
					"@loader_path/Frameworks",
				);
				PRODUCT_BUNDLE_IDENTIFIER = com.ascendfit.app.tests;
				SDKROOT = iphoneos;
				TARGETED_DEVICE_FAMILY = "1,2";
				TEST_HOST = "$(BUILT_PRODUCTS_DIR)/AscendFit.app/AscendFit";
			};
			name = Debug;
		};
		A5BB63ABFD09827364C0D7AD /* Debug */ = {
			isa = XCBuildConfiguration;
			buildSettings = {
				ASSETCATALOG_COMPILER_APPICON_NAME = AppIcon;
				CODE_SIGN_ENTITLEMENTS = AscendFitShare/App.entitlements;
				CODE_SIGN_IDENTITY = "iPhone Developer";
				GENERATE_INFOPLIST_FILE = YES;
				INFOPLIST_KEY_CFBundleDisplayName = "Ascend Fit";
				INFOPLIST_KEY_LSApplicationCategoryType = "public.app-category.healthcare-fitness";
				INFOPLIST_KEY_UIApplicationSupportsIndirectInputEvents = YES;
				INFOPLIST_KEY_UILaunchScreen_Generation = YES;
				INFOPLIST_KEY_UISupportedInterfaceOrientations_iPhone = UIInterfaceOrientationPortrait;
				LD_RUNPATH_SEARCH_PATHS = (
					"$(inherited)",
					"@executable_path/Frameworks",
				);
				DEVELOPMENT_TEAM = V8DXC4RV3Z;
				PRODUCT_BUNDLE_IDENTIFIER = com.ascendfit.app;
				PRODUCT_MODULE_NAME = AscendFit;
				PRODUCT_NAME = AscendFit;
				SDKROOT = iphoneos;
				TARGETED_DEVICE_FAMILY = 1;
			};
			name = Debug;
		};
		CE8F33EF3848A7569E22499D /* Debug */ = {
			isa = XCBuildConfiguration;
			buildSettings = {
				ASSETCATALOG_COMPILER_APPICON_NAME = AppIcon;
				CODE_SIGN_IDENTITY = "iPhone Developer";
				GENERATE_INFOPLIST_FILE = YES;
				INFOPLIST_KEY_CFBundleDisplayName = "Ascend Fit";
				INFOPLIST_KEY_LSApplicationCategoryType = "public.app-category.healthcare-fitness";
				INFOPLIST_KEY_UIApplicationSupportsIndirectInputEvents = YES;
				INFOPLIST_KEY_UILaunchScreen_Generation = YES;
				INFOPLIST_KEY_UISupportedInterfaceOrientations_iPhone = UIInterfaceOrientationPortrait;
				LD_RUNPATH_SEARCH_PATHS = (
					"$(inherited)",
					"@executable_path/Frameworks",
				);
				DEVELOPMENT_TEAM = V8DXC4RV3Z;
				PRODUCT_BUNDLE_IDENTIFIER = com.ymwondimu.ascendfit.personal;
				PRODUCT_MODULE_NAME = AscendFitPersonal;
				PRODUCT_NAME = AscendFitPersonal;
				SDKROOT = iphoneos;
				SWIFT_ACTIVE_COMPILATION_CONDITIONS = "$(inherited) ASCEND_FIT_PERSONAL";
				TARGETED_DEVICE_FAMILY = 1;
			};
			name = Debug;
		};
		E32705B2825710F018D3413F /* Debug */ = {
			isa = XCBuildConfiguration;
			buildSettings = {
				ALWAYS_SEARCH_USER_PATHS = NO;
				CLANG_ANALYZER_NONNULL = YES;
				CLANG_ANALYZER_NUMBER_OBJECT_CONVERSION = YES_AGGRESSIVE;
				CLANG_CXX_LANGUAGE_STANDARD = "gnu++14";
				CLANG_CXX_LIBRARY = "libc++";
				CLANG_ENABLE_MODULES = YES;
				CLANG_ENABLE_OBJC_ARC = YES;
				CLANG_ENABLE_OBJC_WEAK = YES;
				CLANG_WARN_BLOCK_CAPTURE_AUTORELEASING = YES;
				CLANG_WARN_BOOL_CONVERSION = YES;
				CLANG_WARN_COMMA = YES;
				CLANG_WARN_CONSTANT_CONVERSION = YES;
				CLANG_WARN_DEPRECATED_OBJC_IMPLEMENTATIONS = YES;
				CLANG_WARN_DIRECT_OBJC_ISA_USAGE = YES_ERROR;
				CLANG_WARN_DOCUMENTATION_COMMENTS = YES;
				CLANG_WARN_EMPTY_BODY = YES;
				CLANG_WARN_ENUM_CONVERSION = YES;
				CLANG_WARN_INFINITE_RECURSION = YES;
				CLANG_WARN_INT_CONVERSION = YES;
				CLANG_WARN_NON_LITERAL_NULL_CONVERSION = YES;
				CLANG_WARN_OBJC_IMPLICIT_RETAIN_SELF = YES;
				CLANG_WARN_OBJC_LITERAL_CONVERSION = YES;
				CLANG_WARN_OBJC_ROOT_CLASS = YES_ERROR;
				CLANG_WARN_QUOTED_INCLUDE_IN_FRAMEWORK_HEADER = YES;
				CLANG_WARN_RANGE_LOOP_ANALYSIS = YES;
				CLANG_WARN_STRICT_PROTOTYPES = YES;
				CLANG_WARN_SUSPICIOUS_MOVE = YES;
				CLANG_WARN_UNGUARDED_AVAILABILITY = YES_AGGRESSIVE;
				CLANG_WARN_UNREACHABLE_CODE = YES;
				CLANG_WARN__DUPLICATE_METHOD_MATCH = YES;
				COPY_PHASE_STRIP = NO;
				CURRENT_PROJECT_VERSION = 1;
				DEBUG_INFORMATION_FORMAT = dwarf;
				ENABLE_STRICT_OBJC_MSGSEND = YES;
				ENABLE_TESTABILITY = YES;
				ENABLE_USER_SCRIPT_SANDBOXING = YES;
				GCC_C_LANGUAGE_STANDARD = gnu11;
				GCC_DYNAMIC_NO_PIC = NO;
				GCC_NO_COMMON_BLOCKS = YES;
				GCC_OPTIMIZATION_LEVEL = 0;
				GCC_PREPROCESSOR_DEFINITIONS = (
					"$(inherited)",
					"DEBUG=1",
				);
				GCC_WARN_64_TO_32_BIT_CONVERSION = YES;
				GCC_WARN_ABOUT_RETURN_TYPE = YES_ERROR;
				GCC_WARN_UNDECLARED_SELECTOR = YES;
				GCC_WARN_UNINITIALIZED_AUTOS = YES_AGGRESSIVE;
				GCC_WARN_UNUSED_FUNCTION = YES;
				GCC_WARN_UNUSED_VARIABLE = YES;
				IPHONEOS_DEPLOYMENT_TARGET = 18.0;
				MARKETING_VERSION = 1.0.0;
				MTL_ENABLE_DEBUG_INFO = INCLUDE_SOURCE;
				MTL_FAST_MATH = YES;
				ONLY_ACTIVE_ARCH = YES;
				PRODUCT_NAME = "$(TARGET_NAME)";
				SDKROOT = iphoneos;
				SWIFT_ACTIVE_COMPILATION_CONDITIONS = DEBUG;
				SWIFT_OPTIMIZATION_LEVEL = "-Onone";
				SWIFT_VERSION = 6.0;
			};
			name = Debug;
		};
		ECE168B61DFC5331B22B747D /* Release */ = {
			isa = XCBuildConfiguration;
			buildSettings = {
				BUNDLE_LOADER = "$(TEST_HOST)";
				GENERATE_INFOPLIST_FILE = YES;
				LD_RUNPATH_SEARCH_PATHS = (
					"$(inherited)",
					"@executable_path/Frameworks",
					"@loader_path/Frameworks",
				);
				PRODUCT_BUNDLE_IDENTIFIER = com.ascendfit.app.tests;
				SDKROOT = iphoneos;
				TARGETED_DEVICE_FAMILY = "1,2";
				TEST_HOST = "$(BUILT_PRODUCTS_DIR)/AscendFit.app/AscendFit";
			};
			name = Release;
		};
/* End XCBuildConfiguration section */

/* Begin XCConfigurationList section */
		04C19F8BE30695FDBC3AF802 /* Build configuration list for PBXProject "AscendFit" */ = {
			isa = XCConfigurationList;
			buildConfigurations = (
				E32705B2825710F018D3413F /* Debug */,
				2CEBF79C7739A78DDA16C8C3 /* Release */,
			);
			defaultConfigurationIsVisible = 0;
			defaultConfigurationName = Debug;
		};
		6F94ABA3D72E0E967075EDD4 /* Build configuration list for PBXNativeTarget "AscendFitTests" */ = {
			isa = XCConfigurationList;
			buildConfigurations = (
				83AA151958E54FC410A35281 /* Debug */,
				ECE168B61DFC5331B22B747D /* Release */,
			);
			defaultConfigurationIsVisible = 0;
			defaultConfigurationName = Debug;
		};
		8787DA916C96C0EEFB00CE52 /* Build configuration list for PBXNativeTarget "AscendFitShare" */ = {
			isa = XCConfigurationList;
			buildConfigurations = (
				4207FAB0321F5291783AB5BC /* Debug */,
				6C7B3038CB09D8D7726482A3 /* Release */,
			);
			defaultConfigurationIsVisible = 0;
			defaultConfigurationName = Debug;
		};
		8D41C773D2198E3511E23585 /* Build configuration list for PBXNativeTarget "AscendFitPersonal" */ = {
			isa = XCConfigurationList;
			buildConfigurations = (
				CE8F33EF3848A7569E22499D /* Debug */,
				2565AB11AAD5C729A9CB2612 /* Release */,
			);
			defaultConfigurationIsVisible = 0;
			defaultConfigurationName = Debug;
		};
		9FF98E138DE8A7BA67EEDA4B /* Build configuration list for PBXNativeTarget "AscendFit" */ = {
			isa = XCConfigurationList;
			buildConfigurations = (
				A5BB63ABFD09827364C0D7AD /* Debug */,
				4C0848F63CAACCE6626D669E /* Release */,
			);
			defaultConfigurationIsVisible = 0;
			defaultConfigurationName = Debug;
		};
		E034CC0A1DA8DA27B991ADAF /* Build configuration list for PBXNativeTarget "AscendFitUITests" */ = {
			isa = XCConfigurationList;
			buildConfigurations = (
				25B64DB2B1F033CC56F13AEF /* Debug */,
				2D5056208322E83CCF848E6C /* Release */,
			);
			defaultConfigurationIsVisible = 0;
			defaultConfigurationName = Debug;
		};
/* End XCConfigurationList section */
	};
	rootObject = F911CC866DD4628C8BF5E05C /* Project object */;
}
